{
  "version": 4,
  "terraform_version": "1.14.3",
  "serial": 443,
  "lineage": "08384cce-c44d-f4ef-a927-b0058126f262",
  "outputs": {},
  "resources": [
    {
      "mode": "data",
      "type": "aws_availability_zones",
      "name": "available",
      "provider": "provider[\"registry.terraform.io/hashicorp/aws\"]",
      "instances": [
        {
          "schema_version": 0,
          "attributes": {
            "all_availability_zones": null,
            "exclude_names": null,
            "exclude_zone_ids": null,
            "filter": null,
            "group_names": [
              "eu-west-3-zg-1"
            ],
            "id": "eu-west-3",
            "names": [
              "eu-west-3a",
              "eu-west-3b",
              "eu-west-3c"
            ],
            "region": "eu-west-3",
            "state": "available",
            "timeouts": null,
            "zone_ids": [
              "euw3-az1",
              "euw3-az2",
              "euw3-az3"
            ]
          },
          "sensitive_attributes": [],
          "identity_schema_version": 0
        }
      ]
    },
    {
      "mode": "managed",
      "type": "aws_security_group",
      "name": "lambda_proxy",
      "provider": "provider[\"registry.terraform.io/hashicorp/aws\"]",
      "instances": [
        {
          "schema_version": 1,
          "attributes": {
            "arn": "arn:aws:ec2:eu-west-3:247625421810:security-group/sg-0b9f5c3e5c3c6ac12",
            "description": "Security group to manage connections between Lambda function and RDS proxy and to VPC endpoint.",
            "egress": [
              {
                "cidr_blocks": [],
                "description": "",
                "from_port": 3306,
                "ipv6_cidr_blocks": [],
                "prefix_list_ids": [],
                "protocol": "tcp",
                "security_groups": [
                  "sg-0b6fea192f5d969e4"
                ],
                "self": false,
                "to_port": 3306
              },
              {
                "cidr_blocks": [],
                "description": "",
                "from_port": 443,
                "ipv6_cidr_blocks": [],
                "prefix_list_ids": [],
                "protocol": "tcp",
                "security_groups": [
                  "sg-02789d49852abe959"
                ],
                "self": false,
                "to_port": 443
              }
            ],
            "id": "sg-0b9f5c3e5c3c6ac12",
            "ingress": [],
            "name": "tf-aws-lambda-project-lambda-proxy",
            "name_prefix": "",
            "owner_id": "247625421810",
            "region": "eu-west-3",
            "revoke_rules_on_delete": false,
            "tags": {
              "Admin": "Thomas Tuminaro",
              "ManagedBy": "Terraform",
              "Name": "tf-aws-lambda-project-lambda-proxy",
              "Project": "tf-aws-lambda-project"
            },
            "tags_all": {
              "Admin": "Thomas Tuminaro",
              "ManagedBy": "Terraform",
              "Name": "tf-aws-lambda-project-lambda-proxy",
              "Project": "tf-aws-lambda-project"
            },
            "timeouts": null,
            "vpc_id": "vpc-0675eca61bd4fe922"
          },
          "sensitive_attributes": [],
          "identity_schema_version": 0,
          "identity": {
            "account_id": "247625421810",
            "id": "sg-0b9f5c3e5c3c6ac12",
            "region": "eu-west-3"
          },
          "private": "eyJlMmJmYjczMC1lY2FhLTExZTYtOGY4OC0zNDM2M2JjN2M0YzAiOnsiY3JlYXRlIjo2MDAwMDAwMDAwMDAsImRlbGV0ZSI6OTAwMDAwMDAwMDAwfSwic2NoZW1hX3ZlcnNpb24iOiIxIn0=",
          "dependencies": [
            "aws_vpc.vpc"
          ]
        }
      ]
    },
    {
      "mode": "managed",
      "type": "aws_subnet",
      "name": "lambda",
      "provider": "provider[\"registry.terraform.io/hashicorp/aws\"]",
      "instances": [
        {
          "index_key": "lambda-1",
          "schema_version": 1,
          "attributes": {
            "arn": "arn:aws:ec2:eu-west-3:247625421810:subnet/subnet-0875fcacb51d61fef",
            "assign_ipv6_address_on_creation": false,
            "availability_zone": "eu-west-3a",
            "availability_zone_id": "euw3-az1",
            "cidr_block": "10.0.20.0/24",
            "customer_owned_ipv4_pool": "",
            "enable_dns64": false,
            "enable_lni_at_device_index": 0,
            "enable_resource_name_dns_a_record_on_launch": false,
            "enable_resource_name_dns_aaaa_record_on_launch": false,
            "id": "subnet-0875fcacb51d61fef",
            "ipv4_ipam_pool_id": null,
            "ipv4_netmask_length": null,
            "ipv6_cidr_block": "",
            "ipv6_cidr_block_association_id": "",
            "ipv6_ipam_pool_id": null,
            "ipv6_native": false,
            "ipv6_netmask_length": null,
            "map_customer_owned_ip_on_launch": false,
            "map_public_ip_on_launch": false,
            "outpost_arn": "",
            "owner_id": "247625421810",
            "private_dns_hostname_type_on_launch": "ip-name",
            "region": "eu-west-3",
            "tags": {
              "Admin": "Thomas Tuminaro",
              "ManagedBy": "Terraform",
              "Name": "tf-aws-lambda-project-lambda-1",
              "Project": "tf-aws-lambda-project"
            },
            "tags_all": {
              "Admin": "Thomas Tuminaro",
              "ManagedBy": "Terraform",
              "Name": "tf-aws-lambda-project-lambda-1",
              "Project": "tf-aws-lambda-project"
            },
            "timeouts": null,
            "vpc_id": "vpc-0675eca61bd4fe922"
          },
          "sensitive_attributes": [],
          "identity_schema_version": 0,
          "identity": {
            "account_id": "247625421810",
            "id": "subnet-0875fcacb51d61fef",
            "region": "eu-west-3"
          },
          "private": "eyJlMmJmYjczMC1lY2FhLTExZTYtOGY4OC0zNDM2M2JjN2M0YzAiOnsiY3JlYXRlIjo2MDAwMDAwMDAwMDAsImRlbGV0ZSI6MTIwMDAwMDAwMDAwMH0sInNjaGVtYV92ZXJzaW9uIjoiMSJ9",
          "dependencies": [
            "aws_vpc.vpc",
            "data.aws_availability_zones.available"
          ]
        },
        {
          "index_key": "lambda-2",
          "schema_version": 1,
          "attributes": {
            "arn": "arn:aws:ec2:eu-west-3:247625421810:subnet/subnet-0aa74ee5a2eec24cc",
            "assign_ipv6_address_on_creation": false,
            "availability_zone": "eu-west-3b",
            "availability_zone_id": "euw3-az2",
            "cidr_block": "10.0.21.0/24",
            "customer_owned_ipv4_pool": "",
            "enable_dns64": false,
            "enable_lni_at_device_index": 0,
            "enable_resource_name_dns_a_record_on_launch": false,
            "enable_resource_name_dns_aaaa_record_on_launch": false,
            "id": "subnet-0aa74ee5a2eec24cc",
            "ipv4_ipam_pool_id": null,
            "ipv4_netmask_length": null,
            "ipv6_cidr_block": "",
            "ipv6_cidr_block_association_id": "",
            "ipv6_ipam_pool_id": null,
            "ipv6_native": false,
            "ipv6_netmask_length": null,
            "map_customer_owned_ip_on_launch": false,
            "map_public_ip_on_launch": false,
            "outpost_arn": "",
            "owner_id": "247625421810",
            "private_dns_hostname_type_on_launch": "ip-name",
            "region": "eu-west-3",
            "tags": {
              "Admin": "Thomas Tuminaro",
              "ManagedBy": "Terraform",
              "Name": "tf-aws-lambda-project-lambda-2",
              "Project": "tf-aws-lambda-project"
            },
            "tags_all": {
              "Admin": "Thomas Tuminaro",
              "ManagedBy": "Terraform",
              "Name": "tf-aws-lambda-project-lambda-2",
              "Project": "tf-aws-lambda-project"
            },
            "timeouts": null,
            "vpc_id": "vpc-0675eca61bd4fe922"
          },
          "sensitive_attributes": [],
          "identity_schema_version": 0,
          "identity": {
            "account_id": "247625421810",
            "id": "subnet-0aa74ee5a2eec24cc",
            "region": "eu-west-3"
          },
          "private": "eyJlMmJmYjczMC1lY2FhLTExZTYtOGY4OC0zNDM2M2JjN2M0YzAiOnsiY3JlYXRlIjo2MDAwMDAwMDAwMDAsImRlbGV0ZSI6MTIwMDAwMDAwMDAwMH0sInNjaGVtYV92ZXJzaW9uIjoiMSJ9",
          "dependencies": [
            "aws_vpc.vpc",
            "data.aws_availability_zones.available"
          ]
        }
      ]
    },
    {
      "mode": "managed",
      "type": "aws_vpc",
      "name": "vpc",
      "provider": "provider[\"registry.terraform.io/hashicorp/aws\"]",
      "instances": [
        {
          "schema_version": 1,
          "attributes": {
            "arn": "arn:aws:ec2:eu-west-3:247625421810:vpc/vpc-0675eca61bd4fe922",
            "assign_generated_ipv6_cidr_block": false,
            "cidr_block": "10.0.0.0/16",
            "default_network_acl_id": "acl-01e07386b6c123861",
            "default_route_table_id": "rtb-0c614abb7b80217f0",
            "default_security_group_id": "sg-04e53da6b34060553",
            "dhcp_options_id": "dopt-0629cebb18b90371d",
            "enable_dns_hostnames": true,
            "enable_dns_support": true,
            "enable_network_address_usage_metrics": false,
            "id": "vpc-0675eca61bd4fe922",
            "instance_tenancy": "default",
            "ipv4_ipam_pool_id": null,
            "ipv4_netmask_length": null,
            "ipv6_association_id": "",
            "ipv6_cidr_block": "",
            "ipv6_cidr_block_network_border_group": "",
            "ipv6_ipam_pool_id": "",
            "ipv6_netmask_length": 0,
            "main_route_table_id": "rtb-0c614abb7b80217f0",
            "owner_id": "247625421810",
            "region": "eu-west-3",
            "tags": {
              "Admin": "Thomas Tuminaro",
              "ManagedBy": "Terraform",
              "Name": "tf-aws-lambda-project-vpc",
              "Project": "tf-aws-lambda-project"
            },
            "tags_all": {
              "Admin": "Thomas Tuminaro",
              "ManagedBy": "Terraform",
              "Name": "tf-aws-lambda-project-vpc",
              "Project": "tf-aws-lambda-project"
            }
          },
          "sensitive_attributes": [],
          "identity_schema_version": 0,
          "identity": {
            "account_id": "247625421810",
            "id": "vpc-0675eca61bd4fe922",
            "region": "eu-west-3"
          },
          "private": "eyJzY2hlbWFfdmVyc2lvbiI6IjEifQ=="
        }
      ]
    }
  ],
  "check_results": [
    {
      "object_kind": "var",
      "config_addr": "var.vpc_db_subnets",
      "status": "unknown",
      "objects": null
    },
    {
      "object_kind": "var",
      "config_addr": "var.vpc_lambda_subnets",
      "status": "unknown",
      "objects": null
    },
    {
      "object_kind": "var",
      "config_addr": "var.db_config",
      "status": "unknown",
      "objects": null
    },
    {
      "object_kind": "var",
      "config_addr": "var.lambda_logging",
      "status": "unknown",
      "objects": null
    },
    {
      "object_kind": "var",
      "config_addr": "var.vpc_cidr",
      "status": "unknown",
      "objects": null
    }
  ]
}
