{
  "version": 4,
  "terraform_version": "1.14.3",
  "serial": 182,
  "lineage": "08384cce-c44d-f4ef-a927-b0058126f262",
  "outputs": {},
  "resources": [
    {
      "mode": "data",
      "type": "aws_availability_zones",
      "name": "available",
      "provider": "provider[\"registry.terraform.io/hashicorp/aws\"]",
      "instances": [
        {
          "schema_version": 0,
          "attributes": {
            "all_availability_zones": null,
            "exclude_names": null,
            "exclude_zone_ids": null,
            "filter": null,
            "group_names": [
              "eu-west-3-zg-1"
            ],
            "id": "eu-west-3",
            "names": [
              "eu-west-3a",
              "eu-west-3b",
              "eu-west-3c"
            ],
            "region": "eu-west-3",
            "state": "available",
            "timeouts": null,
            "zone_ids": [
              "euw3-az1",
              "euw3-az2",
              "euw3-az3"
            ]
          },
          "sensitive_attributes": [],
          "identity_schema_version": 0
        }
      ]
    },
    {
      "mode": "managed",
      "type": "aws_db_instance",
      "name": "db",
      "provider": "provider[\"registry.terraform.io/hashicorp/aws\"]",
      "instances": [
        {
          "schema_version": 2,
          "attributes": {
            "address": "terraform-20260303083953375400000002.cqedc7azcz8o.eu-west-3.rds.amazonaws.com",
            "allocated_storage": 10,
            "allow_major_version_upgrade": null,
            "apply_immediately": false,
            "arn": "arn:aws:rds:eu-west-3:247625421810:db:terraform-20260303083953375400000002",
            "auto_minor_version_upgrade": true,
            "availability_zone": "eu-west-3b",
            "backup_retention_period": 0,
            "backup_target": "region",
            "backup_window": "08:54-09:24",
            "blue_green_update": [],
            "ca_cert_identifier": "rds-ca-rsa2048-g1",
            "character_set_name": "",
            "copy_tags_to_snapshot": false,
            "custom_iam_instance_profile": "",
            "customer_owned_ip_enabled": false,
            "database_insights_mode": "standard",
            "db_name": "db_customers",
            "db_subnet_group_name": "tf-aws-lambda-project-db-subnets",
            "dedicated_log_volume": false,
            "delete_automated_backups": true,
            "deletion_protection": false,
            "domain": "",
            "domain_auth_secret_arn": "",
            "domain_dns_ips": [],
            "domain_fqdn": "",
            "domain_iam_role_name": "",
            "domain_ou": "",
            "enabled_cloudwatch_logs_exports": [],
            "endpoint": "terraform-20260303083953375400000002.cqedc7azcz8o.eu-west-3.rds.amazonaws.com:3306",
            "engine": "mysql",
            "engine_lifecycle_support": "open-source-rds-extended-support",
            "engine_version": "8.4.7",
            "engine_version_actual": "8.4.7",
            "final_snapshot_identifier": null,
            "hosted_zone_id": "ZMESEXB7ZGGQ3",
            "iam_database_authentication_enabled": false,
            "id": "db-OA3KUC5DFX5PHOTCPE36QJXS5Y",
            "identifier": "terraform-20260303083953375400000002",
            "identifier_prefix": "terraform-",
            "instance_class": "db.t4g.micro",
            "iops": 0,
            "kms_key_id": "",
            "latest_restorable_time": "",
            "license_model": "general-public-license",
            "listener_endpoint": [],
            "maintenance_window": "sun:03:16-sun:03:46",
            "manage_master_user_password": true,
            "master_user_secret": [
              {
                "kms_key_id": "arn:aws:kms:eu-west-3:247625421810:key/f6b2133e-b2f9-4244-ad26-135b4ec29ce6",
                "secret_arn": "arn:aws:secretsmanager:eu-west-3:247625421810:secret:rds!db-076e497e-c457-4502-a0c2-266bc6a56942-bL8y6M",
                "secret_status": "active"
              }
            ],
            "master_user_secret_kms_key_id": null,
            "max_allocated_storage": 0,
            "monitoring_interval": 0,
            "monitoring_role_arn": "",
            "multi_az": false,
            "nchar_character_set_name": "",
            "network_type": "IPV4",
            "option_group_name": "default:mysql-8-4",
            "parameter_group_name": "default.mysql8.4",
            "password": null,
            "password_wo": null,
            "password_wo_version": null,
            "performance_insights_enabled": false,
            "performance_insights_kms_key_id": "",
            "performance_insights_retention_period": 0,
            "port": 3306,
            "publicly_accessible": false,
            "region": "eu-west-3",
            "replica_mode": "",
            "replicas": [],
            "replicate_source_db": "",
            "resource_id": "db-OA3KUC5DFX5PHOTCPE36QJXS5Y",
            "restore_to_point_in_time": [],
            "s3_import": [],
            "skip_final_snapshot": true,
            "snapshot_identifier": null,
            "status": "available",
            "storage_encrypted": false,
            "storage_throughput": 0,
            "storage_type": "gp2",
            "tags": {
              "Admin": "Thomas Tuminaro",
              "ManagedBy": "Terraform",
              "Name": "tf-aws-lambda-project-db",
              "Project": "tf-aws-lambda-project"
            },
            "tags_all": {
              "Admin": "Thomas Tuminaro",
              "ManagedBy": "Terraform",
              "Name": "tf-aws-lambda-project-db",
              "Project": "tf-aws-lambda-project"
            },
            "timeouts": null,
            "timezone": "",
            "upgrade_rollout_order": "second",
            "upgrade_storage_config": null,
            "username": "admin",
            "vpc_security_group_ids": [
              "sg-0a4aa0715633d9fa1"
            ]
          },
          "sensitive_attributes": [
            [
              {
                "type": "get_attr",
                "value": "password"
              }
            ],
            [
              {
                "type": "get_attr",
                "value": "password_wo"
              }
            ]
          ],
          "identity_schema_version": 0,
          "private": "eyJlMmJmYjczMC1lY2FhLTExZTYtOGY4OC0zNDM2M2JjN2M0YzAiOnsiY3JlYXRlIjozMDAwMDAwMDAwMDAwLCJkZWxldGUiOjM2MDAwMDAwMDAwMDAsInVwZGF0ZSI6NDgwMDAwMDAwMDAwMH0sInNjaGVtYV92ZXJzaW9uIjoiMiJ9",
          "dependencies": [
            "aws_db_subnet_group.db",
            "aws_security_group.db_proxy",
            "aws_subnet.db",
            "aws_vpc.vpc",
            "data.aws_availability_zones.available"
          ]
        }
      ]
    },
    {
      "mode": "managed",
      "type": "aws_db_subnet_group",
      "name": "db",
      "provider": "provider[\"registry.terraform.io/hashicorp/aws\"]",
      "instances": [
        {
          "schema_version": 0,
          "attributes": {
            "arn": "arn:aws:rds:eu-west-3:247625421810:subgrp:tf-aws-lambda-project-db-subnets",
            "description": "Managed by Terraform",
            "id": "tf-aws-lambda-project-db-subnets",
            "name": "tf-aws-lambda-project-db-subnets",
            "name_prefix": "",
            "region": "eu-west-3",
            "subnet_ids": [
              "subnet-0179af3c29831db45",
              "subnet-0192c387724df6b4f"
            ],
            "supported_network_types": [
              "IPV4"
            ],
            "tags": {
              "Admin": "Thomas Tuminaro",
              "ManagedBy": "Terraform",
              "Name": "tf-aws-lambda-project-db-subnets",
              "Project": "tf-aws-lambda-project"
            },
            "tags_all": {
              "Admin": "Thomas Tuminaro",
              "ManagedBy": "Terraform",
              "Name": "tf-aws-lambda-project-db-subnets",
              "Project": "tf-aws-lambda-project"
            },
            "vpc_id": "vpc-04c794591baafa7d3"
          },
          "sensitive_attributes": [],
          "identity_schema_version": 0,
          "private": "bnVsbA==",
          "dependencies": [
            "aws_subnet.db",
            "aws_vpc.vpc",
            "data.aws_availability_zones.available"
          ]
        }
      ]
    },
    {
      "mode": "managed",
      "type": "aws_security_group",
      "name": "db_proxy",
      "provider": "provider[\"registry.terraform.io/hashicorp/aws\"]",
      "instances": [
        {
          "schema_version": 1,
          "attributes": {
            "arn": "arn:aws:ec2:eu-west-3:247625421810:security-group/sg-0a4aa0715633d9fa1",
            "description": "Security group to manage connections on RDS DB, only to allow the connections from RDS proxy.",
            "egress": [],
            "id": "sg-0a4aa0715633d9fa1",
            "ingress": [
              {
                "cidr_blocks": [],
                "description": "",
                "from_port": 3306,
                "ipv6_cidr_blocks": [],
                "prefix_list_ids": [],
                "protocol": "tcp",
                "security_groups": [
                  "sg-0f1fd7b607d028461"
                ],
                "self": false,
                "to_port": 3306
              }
            ],
            "name": "tf-aws-lambda-project-db-proxy",
            "name_prefix": "",
            "owner_id": "247625421810",
            "region": "eu-west-3",
            "revoke_rules_on_delete": false,
            "tags": {
              "Admin": "Thomas Tuminaro",
              "ManagedBy": "Terraform",
              "Name": "tf-aws-lambda-project-db-proxy",
              "Project": "tf-aws-lambda-project"
            },
            "tags_all": {
              "Admin": "Thomas Tuminaro",
              "ManagedBy": "Terraform",
              "Name": "tf-aws-lambda-project-db-proxy",
              "Project": "tf-aws-lambda-project"
            },
            "timeouts": null,
            "vpc_id": "vpc-04c794591baafa7d3"
          },
          "sensitive_attributes": [],
          "identity_schema_version": 0,
          "identity": {
            "account_id": "247625421810",
            "id": "sg-0a4aa0715633d9fa1",
            "region": "eu-west-3"
          },
          "private": "eyJlMmJmYjczMC1lY2FhLTExZTYtOGY4OC0zNDM2M2JjN2M0YzAiOnsiY3JlYXRlIjo2MDAwMDAwMDAwMDAsImRlbGV0ZSI6OTAwMDAwMDAwMDAwfSwic2NoZW1hX3ZlcnNpb24iOiIxIn0=",
          "dependencies": [
            "aws_vpc.vpc"
          ]
        }
      ]
    },
    {
      "mode": "managed",
      "type": "aws_security_group",
      "name": "lambda_proxy",
      "provider": "provider[\"registry.terraform.io/hashicorp/aws\"]",
      "instances": [
        {
          "schema_version": 1,
          "attributes": {
            "arn": "arn:aws:ec2:eu-west-3:247625421810:security-group/sg-06210dc7e50bde6fa",
            "description": "Security group to manage connections between Lambda function and RDS proxy and to VPC endpoint.",
            "egress": [
              {
                "cidr_blocks": [],
                "description": "",
                "from_port": 0,
                "ipv6_cidr_blocks": [],
                "prefix_list_ids": [],
                "protocol": "-1",
                "security_groups": [
                  "sg-01410601fa5f82d50"
                ],
                "self": false,
                "to_port": 0
              },
              {
                "cidr_blocks": [],
                "description": "",
                "from_port": 3306,
                "ipv6_cidr_blocks": [],
                "prefix_list_ids": [],
                "protocol": "tcp",
                "security_groups": [
                  "sg-0f1fd7b607d028461"
                ],
                "self": false,
                "to_port": 3306
              }
            ],
            "id": "sg-06210dc7e50bde6fa",
            "ingress": [],
            "name": "tf-aws-lambda-project-lambda-proxy",
            "name_prefix": "",
            "owner_id": "247625421810",
            "region": "eu-west-3",
            "revoke_rules_on_delete": false,
            "tags": {
              "Admin": "Thomas Tuminaro",
              "ManagedBy": "Terraform",
              "Name": "tf-aws-lambda-project-lambda-proxy",
              "Project": "tf-aws-lambda-project"
            },
            "tags_all": {
              "Admin": "Thomas Tuminaro",
              "ManagedBy": "Terraform",
              "Name": "tf-aws-lambda-project-lambda-proxy",
              "Project": "tf-aws-lambda-project"
            },
            "timeouts": null,
            "vpc_id": "vpc-04c794591baafa7d3"
          },
          "sensitive_attributes": [],
          "identity_schema_version": 0,
          "identity": {
            "account_id": "247625421810",
            "id": "sg-06210dc7e50bde6fa",
            "region": "eu-west-3"
          },
          "private": "eyJlMmJmYjczMC1lY2FhLTExZTYtOGY4OC0zNDM2M2JjN2M0YzAiOnsiY3JlYXRlIjo2MDAwMDAwMDAwMDAsImRlbGV0ZSI6OTAwMDAwMDAwMDAwfSwic2NoZW1hX3ZlcnNpb24iOiIxIn0=",
          "dependencies": [
            "aws_vpc.vpc"
          ]
        }
      ]
    },
    {
      "mode": "managed",
      "type": "aws_subnet",
      "name": "db",
      "provider": "provider[\"registry.terraform.io/hashicorp/aws\"]",
      "instances": [
        {
          "index_key": "db-1",
          "schema_version": 1,
          "attributes": {
            "arn": "arn:aws:ec2:eu-west-3:247625421810:subnet/subnet-0192c387724df6b4f",
            "assign_ipv6_address_on_creation": false,
            "availability_zone": "eu-west-3a",
            "availability_zone_id": "euw3-az1",
            "cidr_block": "10.0.10.0/24",
            "customer_owned_ipv4_pool": "",
            "enable_dns64": false,
            "enable_lni_at_device_index": 0,
            "enable_resource_name_dns_a_record_on_launch": false,
            "enable_resource_name_dns_aaaa_record_on_launch": false,
            "id": "subnet-0192c387724df6b4f",
            "ipv4_ipam_pool_id": null,
            "ipv4_netmask_length": null,
            "ipv6_cidr_block": "",
            "ipv6_cidr_block_association_id": "",
            "ipv6_ipam_pool_id": null,
            "ipv6_native": false,
            "ipv6_netmask_length": null,
            "map_customer_owned_ip_on_launch": false,
            "map_public_ip_on_launch": false,
            "outpost_arn": "",
            "owner_id": "247625421810",
            "private_dns_hostname_type_on_launch": "ip-name",
            "region": "eu-west-3",
            "tags": {
              "Admin": "Thomas Tuminaro",
              "ManagedBy": "Terraform",
              "Name": "tf-aws-lambda-project-db-1",
              "Project": "tf-aws-lambda-project"
            },
            "tags_all": {
              "Admin": "Thomas Tuminaro",
              "ManagedBy": "Terraform",
              "Name": "tf-aws-lambda-project-db-1",
              "Project": "tf-aws-lambda-project"
            },
            "timeouts": null,
            "vpc_id": "vpc-04c794591baafa7d3"
          },
          "sensitive_attributes": [],
          "identity_schema_version": 0,
          "identity": {
            "account_id": "247625421810",
            "id": "subnet-0192c387724df6b4f",
            "region": "eu-west-3"
          },
          "private": "eyJlMmJmYjczMC1lY2FhLTExZTYtOGY4OC0zNDM2M2JjN2M0YzAiOnsiY3JlYXRlIjo2MDAwMDAwMDAwMDAsImRlbGV0ZSI6MTIwMDAwMDAwMDAwMH0sInNjaGVtYV92ZXJzaW9uIjoiMSJ9",
          "dependencies": [
            "aws_vpc.vpc",
            "data.aws_availability_zones.available"
          ]
        },
        {
          "index_key": "db-2",
          "schema_version": 1,
          "attributes": {
            "arn": "arn:aws:ec2:eu-west-3:247625421810:subnet/subnet-0179af3c29831db45",
            "assign_ipv6_address_on_creation": false,
            "availability_zone": "eu-west-3b",
            "availability_zone_id": "euw3-az2",
            "cidr_block": "10.0.11.0/24",
            "customer_owned_ipv4_pool": "",
            "enable_dns64": false,
            "enable_lni_at_device_index": 0,
            "enable_resource_name_dns_a_record_on_launch": false,
            "enable_resource_name_dns_aaaa_record_on_launch": false,
            "id": "subnet-0179af3c29831db45",
            "ipv4_ipam_pool_id": null,
            "ipv4_netmask_length": null,
            "ipv6_cidr_block": "",
            "ipv6_cidr_block_association_id": "",
            "ipv6_ipam_pool_id": null,
            "ipv6_native": false,
            "ipv6_netmask_length": null,
            "map_customer_owned_ip_on_launch": false,
            "map_public_ip_on_launch": false,
            "outpost_arn": "",
            "owner_id": "247625421810",
            "private_dns_hostname_type_on_launch": "ip-name",
            "region": "eu-west-3",
            "tags": {
              "Admin": "Thomas Tuminaro",
              "ManagedBy": "Terraform",
              "Name": "tf-aws-lambda-project-db-2",
              "Project": "tf-aws-lambda-project"
            },
            "tags_all": {
              "Admin": "Thomas Tuminaro",
              "ManagedBy": "Terraform",
              "Name": "tf-aws-lambda-project-db-2",
              "Project": "tf-aws-lambda-project"
            },
            "timeouts": null,
            "vpc_id": "vpc-04c794591baafa7d3"
          },
          "sensitive_attributes": [],
          "identity_schema_version": 0,
          "identity": {
            "account_id": "247625421810",
            "id": "subnet-0179af3c29831db45",
            "region": "eu-west-3"
          },
          "private": "eyJlMmJmYjczMC1lY2FhLTExZTYtOGY4OC0zNDM2M2JjN2M0YzAiOnsiY3JlYXRlIjo2MDAwMDAwMDAwMDAsImRlbGV0ZSI6MTIwMDAwMDAwMDAwMH0sInNjaGVtYV92ZXJzaW9uIjoiMSJ9",
          "dependencies": [
            "aws_vpc.vpc",
            "data.aws_availability_zones.available"
          ]
        }
      ]
    },
    {
      "mode": "managed",
      "type": "aws_subnet",
      "name": "lambda",
      "provider": "provider[\"registry.terraform.io/hashicorp/aws\"]",
      "instances": [
        {
          "index_key": "lambda-1",
          "schema_version": 1,
          "attributes": {
            "arn": "arn:aws:ec2:eu-west-3:247625421810:subnet/subnet-0fe646d9cbb2b00ab",
            "assign_ipv6_address_on_creation": false,
            "availability_zone": "eu-west-3a",
            "availability_zone_id": "euw3-az1",
            "cidr_block": "10.0.20.0/24",
            "customer_owned_ipv4_pool": "",
            "enable_dns64": false,
            "enable_lni_at_device_index": 0,
            "enable_resource_name_dns_a_record_on_launch": false,
            "enable_resource_name_dns_aaaa_record_on_launch": false,
            "id": "subnet-0fe646d9cbb2b00ab",
            "ipv4_ipam_pool_id": null,
            "ipv4_netmask_length": null,
            "ipv6_cidr_block": "",
            "ipv6_cidr_block_association_id": "",
            "ipv6_ipam_pool_id": null,
            "ipv6_native": false,
            "ipv6_netmask_length": null,
            "map_customer_owned_ip_on_launch": false,
            "map_public_ip_on_launch": false,
            "outpost_arn": "",
            "owner_id": "247625421810",
            "private_dns_hostname_type_on_launch": "ip-name",
            "region": "eu-west-3",
            "tags": {
              "Admin": "Thomas Tuminaro",
              "ManagedBy": "Terraform",
              "Name": "tf-aws-lambda-project-lambda-1",
              "Project": "tf-aws-lambda-project"
            },
            "tags_all": {
              "Admin": "Thomas Tuminaro",
              "ManagedBy": "Terraform",
              "Name": "tf-aws-lambda-project-lambda-1",
              "Project": "tf-aws-lambda-project"
            },
            "timeouts": null,
            "vpc_id": "vpc-04c794591baafa7d3"
          },
          "sensitive_attributes": [],
          "identity_schema_version": 0,
          "identity": {
            "account_id": "247625421810",
            "id": "subnet-0fe646d9cbb2b00ab",
            "region": "eu-west-3"
          },
          "private": "eyJlMmJmYjczMC1lY2FhLTExZTYtOGY4OC0zNDM2M2JjN2M0YzAiOnsiY3JlYXRlIjo2MDAwMDAwMDAwMDAsImRlbGV0ZSI6MTIwMDAwMDAwMDAwMH0sInNjaGVtYV92ZXJzaW9uIjoiMSJ9",
          "dependencies": [
            "aws_vpc.vpc",
            "data.aws_availability_zones.available"
          ]
        },
        {
          "index_key": "lambda-2",
          "schema_version": 1,
          "attributes": {
            "arn": "arn:aws:ec2:eu-west-3:247625421810:subnet/subnet-030d22a6aec5c0d65",
            "assign_ipv6_address_on_creation": false,
            "availability_zone": "eu-west-3b",
            "availability_zone_id": "euw3-az2",
            "cidr_block": "10.0.21.0/24",
            "customer_owned_ipv4_pool": "",
            "enable_dns64": false,
            "enable_lni_at_device_index": 0,
            "enable_resource_name_dns_a_record_on_launch": false,
            "enable_resource_name_dns_aaaa_record_on_launch": false,
            "id": "subnet-030d22a6aec5c0d65",
            "ipv4_ipam_pool_id": null,
            "ipv4_netmask_length": null,
            "ipv6_cidr_block": "",
            "ipv6_cidr_block_association_id": "",
            "ipv6_ipam_pool_id": null,
            "ipv6_native": false,
            "ipv6_netmask_length": null,
            "map_customer_owned_ip_on_launch": false,
            "map_public_ip_on_launch": false,
            "outpost_arn": "",
            "owner_id": "247625421810",
            "private_dns_hostname_type_on_launch": "ip-name",
            "region": "eu-west-3",
            "tags": {
              "Admin": "Thomas Tuminaro",
              "ManagedBy": "Terraform",
              "Name": "tf-aws-lambda-project-lambda-2",
              "Project": "tf-aws-lambda-project"
            },
            "tags_all": {
              "Admin": "Thomas Tuminaro",
              "ManagedBy": "Terraform",
              "Name": "tf-aws-lambda-project-lambda-2",
              "Project": "tf-aws-lambda-project"
            },
            "timeouts": null,
            "vpc_id": "vpc-04c794591baafa7d3"
          },
          "sensitive_attributes": [],
          "identity_schema_version": 0,
          "identity": {
            "account_id": "247625421810",
            "id": "subnet-030d22a6aec5c0d65",
            "region": "eu-west-3"
          },
          "private": "eyJlMmJmYjczMC1lY2FhLTExZTYtOGY4OC0zNDM2M2JjN2M0YzAiOnsiY3JlYXRlIjo2MDAwMDAwMDAwMDAsImRlbGV0ZSI6MTIwMDAwMDAwMDAwMH0sInNjaGVtYV92ZXJzaW9uIjoiMSJ9",
          "dependencies": [
            "aws_vpc.vpc",
            "data.aws_availability_zones.available"
          ]
        }
      ]
    },
    {
      "mode": "managed",
      "type": "aws_vpc",
      "name": "vpc",
      "provider": "provider[\"registry.terraform.io/hashicorp/aws\"]",
      "instances": [
        {
          "schema_version": 1,
          "attributes": {
            "arn": "arn:aws:ec2:eu-west-3:247625421810:vpc/vpc-04c794591baafa7d3",
            "assign_generated_ipv6_cidr_block": false,
            "cidr_block": "10.0.0.0/16",
            "default_network_acl_id": "acl-01577d08cc43c27de",
            "default_route_table_id": "rtb-00701d8d80d0df564",
            "default_security_group_id": "sg-0b4891d218f174fb6",
            "dhcp_options_id": "dopt-0629cebb18b90371d",
            "enable_dns_hostnames": true,
            "enable_dns_support": true,
            "enable_network_address_usage_metrics": false,
            "id": "vpc-04c794591baafa7d3",
            "instance_tenancy": "default",
            "ipv4_ipam_pool_id": null,
            "ipv4_netmask_length": null,
            "ipv6_association_id": "",
            "ipv6_cidr_block": "",
            "ipv6_cidr_block_network_border_group": "",
            "ipv6_ipam_pool_id": "",
            "ipv6_netmask_length": 0,
            "main_route_table_id": "rtb-00701d8d80d0df564",
            "owner_id": "247625421810",
            "region": "eu-west-3",
            "tags": {
              "Admin": "Thomas Tuminaro",
              "ManagedBy": "Terraform",
              "Name": "tf-aws-lambda-project-vpc",
              "Project": "tf-aws-lambda-project"
            },
            "tags_all": {
              "Admin": "Thomas Tuminaro",
              "ManagedBy": "Terraform",
              "Name": "tf-aws-lambda-project-vpc",
              "Project": "tf-aws-lambda-project"
            }
          },
          "sensitive_attributes": [],
          "identity_schema_version": 0,
          "identity": {
            "account_id": "247625421810",
            "id": "vpc-04c794591baafa7d3",
            "region": "eu-west-3"
          },
          "private": "eyJzY2hlbWFfdmVyc2lvbiI6IjEifQ=="
        }
      ]
    }
  ],
  "check_results": [
    {
      "object_kind": "var",
      "config_addr": "var.vpc_cidr",
      "status": "unknown",
      "objects": null
    },
    {
      "object_kind": "var",
      "config_addr": "var.vpc_db_subnets",
      "status": "unknown",
      "objects": null
    },
    {
      "object_kind": "var",
      "config_addr": "var.vpc_lambda_subnets",
      "status": "unknown",
      "objects": null
    },
    {
      "object_kind": "var",
      "config_addr": "var.db_config",
      "status": "unknown",
      "objects": null
    },
    {
      "object_kind": "var",
      "config_addr": "var.lambda_logging",
      "status": "unknown",
      "objects": null
    }
  ]
}
