{
  "version": 4,
  "terraform_version": "1.14.3",
  "serial": 320,
  "lineage": "08384cce-c44d-f4ef-a927-b0058126f262",
  "outputs": {
    "test": {
      "value": {
        "arn": "arn:aws:secretsmanager:eu-west-3:247625421810:secret:rds!db-e23ae63f-a722-4ec9-b4ac-797ad40ba7b0-fH7unm",
        "created_date": "2026-03-09T08:17:25Z",
        "id": "arn:aws:secretsmanager:eu-west-3:247625421810:secret:rds!db-e23ae63f-a722-4ec9-b4ac-797ad40ba7b0-fH7unm|AWSCURRENT",
        "region": "eu-west-3",
        "secret_binary": "",
        "secret_id": "arn:aws:secretsmanager:eu-west-3:247625421810:secret:rds!db-e23ae63f-a722-4ec9-b4ac-797ad40ba7b0-fH7unm",
        "secret_string": "{\"username\":\"admin\",\"password\":\"Ce8F:j[Jib9Y5Xh2gJe65(4b$DRX\"}",
        "version_id": "7790a0a6-5880-40cc-b755-f523843e8009",
        "version_stage": "AWSCURRENT",
        "version_stages": [
          "AWSCURRENT"
        ]
      },
      "type": [
        "object",
        {
          "arn": "string",
          "created_date": "string",
          "id": "string",
          "region": "string",
          "secret_binary": "string",
          "secret_id": "string",
          "secret_string": "string",
          "version_id": "string",
          "version_stage": "string",
          "version_stages": [
            "set",
            "string"
          ]
        }
      ],
      "sensitive": true
    }
  },
  "resources": [
    {
      "mode": "data",
      "type": "archive_file",
      "name": "lambda",
      "provider": "provider[\"registry.terraform.io/hashicorp/archive\"]",
      "instances": [
        {
          "schema_version": 0,
          "attributes": {
            "exclude_symlink_directories": null,
            "excludes": null,
            "id": "3790409a8c026b0cd41fddc269b043d2b8c03a66",
            "output_base64sha256": "2aTRHih5hCxsAf42n+BWdNAcP3cWU53Ae66t4/IgRJM=",
            "output_base64sha512": "UsZs85dWrDEFLaw5tnQ25eQjhrQeW6Z1pKI/jzELQK3g4wAXgywqeYArdIwUUztNfbs89qQm1cK3JBIYzT9qaA==",
            "output_file_mode": null,
            "output_md5": "5ca3700e64cf057339fa50d2417b1ef9",
            "output_path": "../src/function.zip",
            "output_sha": "3790409a8c026b0cd41fddc269b043d2b8c03a66",
            "output_sha256": "d9a4d11e2879842c6c01fe369fe05674d01c3f7716539dc07baeade3f2204493",
            "output_sha512": "52c66cf39756ac31052dac39b67436e5e42386b41e5ba675a4a23f8f310b40ade0e30017832c2a79802b748c14533b4d7dbb3cf6a426d5c2b7241218cd3f6a68",
            "output_size": 108115,
            "source": [],
            "source_content": null,
            "source_content_filename": null,
            "source_dir": "../src/",
            "source_file": null,
            "type": "zip"
          },
          "sensitive_attributes": [],
          "identity_schema_version": 0
        }
      ]
    },
    {
      "mode": "data",
      "type": "aws_availability_zones",
      "name": "available",
      "provider": "provider[\"registry.terraform.io/hashicorp/aws\"]",
      "instances": [
        {
          "schema_version": 0,
          "attributes": {
            "all_availability_zones": null,
            "exclude_names": null,
            "exclude_zone_ids": null,
            "filter": null,
            "group_names": [
              "eu-west-3-zg-1"
            ],
            "id": "eu-west-3",
            "names": [
              "eu-west-3a",
              "eu-west-3b",
              "eu-west-3c"
            ],
            "region": "eu-west-3",
            "state": "available",
            "timeouts": null,
            "zone_ids": [
              "euw3-az1",
              "euw3-az2",
              "euw3-az3"
            ]
          },
          "sensitive_attributes": [],
          "identity_schema_version": 0
        }
      ]
    },
    {
      "mode": "data",
      "type": "aws_caller_identity",
      "name": "current",
      "provider": "provider[\"registry.terraform.io/hashicorp/aws\"]",
      "instances": [
        {
          "schema_version": 0,
          "attributes": {
            "account_id": "247625421810",
            "arn": "arn:aws:iam::247625421810:user/thomas.tuminaro@gmail.com",
            "id": "247625421810",
            "user_id": "AIDATTJ5ACPZCMOMKQIBF"
          },
          "sensitive_attributes": [],
          "identity_schema_version": 0
        }
      ]
    },
    {
      "mode": "data",
      "type": "aws_iam_policy",
      "name": "apicloudwatch",
      "provider": "provider[\"registry.terraform.io/hashicorp/aws\"]",
      "instances": [
        {
          "schema_version": 0,
          "attributes": {
            "arn": "arn:aws:iam::aws:policy/service-role/AmazonAPIGatewayPushToCloudWatchLogs",
            "attachment_count": 1,
            "description": "Allows API Gateway to push logs to user's account.",
            "id": "arn:aws:iam::aws:policy/service-role/AmazonAPIGatewayPushToCloudWatchLogs",
            "name": "AmazonAPIGatewayPushToCloudWatchLogs",
            "path": "/service-role/",
            "path_prefix": null,
            "policy": "{\"Statement\":[{\"Action\":[\"logs:CreateLogGroup\",\"logs:CreateLogStream\",\"logs:DescribeLogGroups\",\"logs:DescribeLogStreams\",\"logs:PutLogEvents\",\"logs:GetLogEvents\",\"logs:FilterLogEvents\"],\"Effect\":\"Allow\",\"Resource\":\"*\"}],\"Version\":\"2012-10-17\"}",
            "policy_id": "ANPAIK4GFO7HLKYN64ASK",
            "tags": {}
          },
          "sensitive_attributes": [],
          "identity_schema_version": 0
        }
      ]
    },
    {
      "mode": "data",
      "type": "aws_iam_policy",
      "name": "lambda-vpc",
      "provider": "provider[\"registry.terraform.io/hashicorp/aws\"]",
      "instances": [
        {
          "schema_version": 0,
          "attributes": {
            "arn": "arn:aws:iam::aws:policy/service-role/AWSLambdaVPCAccessExecutionRole",
            "attachment_count": 1,
            "description": "Provides minimum permissions for a Lambda function to execute while accessing a resource within a VPC - create, describe, delete network interfaces and write permissions to CloudWatch Logs. ",
            "id": "arn:aws:iam::aws:policy/service-role/AWSLambdaVPCAccessExecutionRole",
            "name": "AWSLambdaVPCAccessExecutionRole",
            "path": "/service-role/",
            "path_prefix": null,
            "policy": "{\"Statement\":[{\"Action\":[\"logs:CreateLogGroup\",\"logs:CreateLogStream\",\"logs:PutLogEvents\",\"ec2:CreateNetworkInterface\",\"ec2:DescribeNetworkInterfaces\",\"ec2:DescribeSubnets\",\"ec2:DeleteNetworkInterface\",\"ec2:AssignPrivateIpAddresses\",\"ec2:UnassignPrivateIpAddresses\"],\"Effect\":\"Allow\",\"Resource\":\"*\",\"Sid\":\"AWSLambdaVPCAccessExecutionPermissions\"}],\"Version\":\"2012-10-17\"}",
            "policy_id": "ANPAJVTME3YLVNL72YR2K",
            "tags": {}
          },
          "sensitive_attributes": [],
          "identity_schema_version": 0
        }
      ]
    },
    {
      "mode": "data",
      "type": "aws_secretsmanager_secret_version",
      "name": "db",
      "provider": "provider[\"registry.terraform.io/hashicorp/aws\"]",
      "instances": [
        {
          "schema_version": 0,
          "attributes": {
            "arn": "arn:aws:secretsmanager:eu-west-3:247625421810:secret:rds!db-e23ae63f-a722-4ec9-b4ac-797ad40ba7b0-fH7unm",
            "created_date": "2026-03-09T08:17:25Z",
            "id": "arn:aws:secretsmanager:eu-west-3:247625421810:secret:rds!db-e23ae63f-a722-4ec9-b4ac-797ad40ba7b0-fH7unm|AWSCURRENT",
            "region": "eu-west-3",
            "secret_binary": "",
            "secret_id": "arn:aws:secretsmanager:eu-west-3:247625421810:secret:rds!db-e23ae63f-a722-4ec9-b4ac-797ad40ba7b0-fH7unm",
            "secret_string": "{\"username\":\"admin\",\"password\":\"Ce8F:j[Jib9Y5Xh2gJe65(4b$DRX\"}",
            "version_id": "7790a0a6-5880-40cc-b755-f523843e8009",
            "version_stage": "AWSCURRENT",
            "version_stages": [
              "AWSCURRENT"
            ]
          },
          "sensitive_attributes": [
            [
              {
                "type": "get_attr",
                "value": "secret_binary"
              }
            ],
            [
              {
                "type": "get_attr",
                "value": "secret_string"
              }
            ]
          ],
          "identity_schema_version": 0
        }
      ]
    },
    {
      "mode": "managed",
      "type": "aws_apigatewayv2_api",
      "name": "main",
      "provider": "provider[\"registry.terraform.io/hashicorp/aws\"]",
      "instances": [
        {
          "schema_version": 0,
          "attributes": {
            "api_endpoint": "https://kh91wett5d.execute-api.eu-west-3.amazonaws.com",
            "api_key_selection_expression": "$request.header.x-api-key",
            "arn": "arn:aws:apigateway:eu-west-3::/apis/kh91wett5d",
            "body": null,
            "cors_configuration": [],
            "credentials_arn": null,
            "description": "Will manage connections to Lambda function.",
            "disable_execute_api_endpoint": false,
            "execution_arn": "arn:aws:execute-api:eu-west-3:247625421810:kh91wett5d",
            "fail_on_warnings": null,
            "id": "kh91wett5d",
            "ip_address_type": "ipv4",
            "name": "tf-aws-lambda-project-apigw",
            "protocol_type": "HTTP",
            "region": "eu-west-3",
            "route_key": null,
            "route_selection_expression": "$request.method $request.path",
            "tags": {},
            "tags_all": {},
            "target": null,
            "version": ""
          },
          "sensitive_attributes": [],
          "identity_schema_version": 0,
          "private": "bnVsbA=="
        }
      ]
    },
    {
      "mode": "managed",
      "type": "aws_apigatewayv2_deployment",
      "name": "lambda",
      "provider": "provider[\"registry.terraform.io/hashicorp/aws\"]",
      "instances": [
        {
          "schema_version": 0,
          "attributes": {
            "api_id": "kh91wett5d",
            "auto_deployed": false,
            "description": "Main deployment for the Lambda function API.",
            "id": "4hi3ma",
            "region": "eu-west-3",
            "triggers": {
              "redeployment": "e892020fb5413efaa8b706cfc05e996975ef82d7"
            }
          },
          "sensitive_attributes": [],
          "identity_schema_version": 0,
          "private": "bnVsbA==",
          "dependencies": [
            "aws_apigatewayv2_api.main",
            "aws_apigatewayv2_integration.lambda",
            "aws_apigatewayv2_route.root",
            "aws_cloudwatch_log_group.lambda",
            "aws_db_instance.db",
            "aws_db_proxy.proxy",
            "aws_db_subnet_group.db",
            "aws_iam_role.lambda",
            "aws_iam_role.proxy",
            "aws_lambda_function.lambda",
            "aws_security_group.db_proxy",
            "aws_security_group.lambda_proxy",
            "aws_security_group.proxy_lambda",
            "aws_subnet.db",
            "aws_subnet.lambda",
            "aws_vpc.vpc",
            "data.archive_file.lambda",
            "data.aws_availability_zones.available"
          ]
        }
      ]
    },
    {
      "mode": "managed",
      "type": "aws_apigatewayv2_integration",
      "name": "lambda",
      "provider": "provider[\"registry.terraform.io/hashicorp/aws\"]",
      "instances": [
        {
          "schema_version": 0,
          "attributes": {
            "api_id": "kh91wett5d",
            "connection_id": "",
            "connection_type": "INTERNET",
            "content_handling_strategy": "",
            "credentials_arn": "",
            "description": "Lambda function integration.",
            "id": "ic920mu",
            "integration_method": "POST",
            "integration_response_selection_expression": "",
            "integration_subtype": "",
            "integration_type": "AWS_PROXY",
            "integration_uri": "arn:aws:apigateway:eu-west-3:lambda:path/2015-03-31/functions/arn:aws:lambda:eu-west-3:247625421810:function:test/invocations",
            "passthrough_behavior": "",
            "payload_format_version": "2.0",
            "region": "eu-west-3",
            "request_parameters": null,
            "request_templates": null,
            "response_parameters": [],
            "template_selection_expression": "",
            "timeout_milliseconds": 30000,
            "tls_config": []
          },
          "sensitive_attributes": [],
          "identity_schema_version": 0,
          "private": "bnVsbA==",
          "dependencies": [
            "aws_apigatewayv2_api.main",
            "aws_cloudwatch_log_group.lambda",
            "aws_db_instance.db",
            "aws_db_proxy.proxy",
            "aws_db_subnet_group.db",
            "aws_iam_role.lambda",
            "aws_iam_role.proxy",
            "aws_lambda_function.lambda",
            "aws_security_group.db_proxy",
            "aws_security_group.lambda_proxy",
            "aws_security_group.proxy_lambda",
            "aws_subnet.db",
            "aws_subnet.lambda",
            "aws_vpc.vpc",
            "data.archive_file.lambda",
            "data.aws_availability_zones.available"
          ]
        }
      ]
    },
    {
      "mode": "managed",
      "type": "aws_apigatewayv2_route",
      "name": "root",
      "provider": "provider[\"registry.terraform.io/hashicorp/aws\"]",
      "instances": [
        {
          "schema_version": 0,
          "attributes": {
            "api_id": "kh91wett5d",
            "api_key_required": false,
            "authorization_scopes": null,
            "authorization_type": "AWS_IAM",
            "authorizer_id": "",
            "id": "80naj32",
            "model_selection_expression": "",
            "operation_name": "",
            "region": "eu-west-3",
            "request_models": null,
            "request_parameter": [],
            "route_key": "ANY /",
            "route_response_selection_expression": "",
            "target": "integrations/ic920mu"
          },
          "sensitive_attributes": [],
          "identity_schema_version": 0,
          "private": "bnVsbA==",
          "dependencies": [
            "aws_apigatewayv2_api.main",
            "aws_apigatewayv2_integration.lambda",
            "aws_cloudwatch_log_group.lambda",
            "aws_db_instance.db",
            "aws_db_proxy.proxy",
            "aws_db_subnet_group.db",
            "aws_iam_role.lambda",
            "aws_iam_role.proxy",
            "aws_lambda_function.lambda",
            "aws_security_group.db_proxy",
            "aws_security_group.lambda_proxy",
            "aws_security_group.proxy_lambda",
            "aws_subnet.db",
            "aws_subnet.lambda",
            "aws_vpc.vpc",
            "data.archive_file.lambda",
            "data.aws_availability_zones.available"
          ]
        }
      ]
    },
    {
      "mode": "managed",
      "type": "aws_apigatewayv2_stage",
      "name": "lambda",
      "provider": "provider[\"registry.terraform.io/hashicorp/aws\"]",
      "instances": [
        {
          "schema_version": 0,
          "attributes": {
            "access_log_settings": [
              {
                "destination_arn": "arn:aws:logs:eu-west-3:247625421810:log-group:/aws/apigw/lambda",
                "format": "{\"httpMethod\":\"$context.httpMethod\",\"protocol\":\"$context.protocol\",\"requestId\":\"$context.requestId\",\"requestTime\":\"$context.requestTime\",\"responseLength\":\"$context.responseLength\",\"routeKey\":\"$context.routeKey\",\"sourceIp\":\"$context.identity.sourceIp\",\"status\":\"$context.status\"}"
              }
            ],
            "api_id": "kh91wett5d",
            "arn": "arn:aws:apigateway:eu-west-3::/apis/kh91wett5d/stages/lambda",
            "auto_deploy": true,
            "client_certificate_id": "",
            "default_route_settings": [
              {
                "data_trace_enabled": false,
                "detailed_metrics_enabled": false,
                "logging_level": "",
                "throttling_burst_limit": 0,
                "throttling_rate_limit": 0
              }
            ],
            "deployment_id": "4hi3ma",
            "description": "",
            "execution_arn": "arn:aws:execute-api:eu-west-3:247625421810:kh91wett5d/lambda",
            "id": "lambda",
            "invoke_url": "https://kh91wett5d.execute-api.eu-west-3.amazonaws.com/lambda",
            "name": "lambda",
            "region": "eu-west-3",
            "route_settings": [
              {
                "data_trace_enabled": false,
                "detailed_metrics_enabled": false,
                "logging_level": "INFO",
                "route_key": "ANY /",
                "throttling_burst_limit": null,
                "throttling_rate_limit": null
              }
            ],
            "stage_variables": null,
            "tags": null,
            "tags_all": {}
          },
          "sensitive_attributes": [],
          "identity_schema_version": 0,
          "private": "bnVsbA==",
          "dependencies": [
            "aws_apigatewayv2_api.main",
            "aws_apigatewayv2_deployment.lambda",
            "aws_apigatewayv2_integration.lambda",
            "aws_apigatewayv2_route.root",
            "aws_cloudwatch_log_group.api",
            "aws_cloudwatch_log_group.lambda",
            "aws_db_instance.db",
            "aws_db_proxy.proxy",
            "aws_db_subnet_group.db",
            "aws_iam_role.lambda",
            "aws_iam_role.proxy",
            "aws_lambda_function.lambda",
            "aws_security_group.db_proxy",
            "aws_security_group.lambda_proxy",
            "aws_security_group.proxy_lambda",
            "aws_subnet.db",
            "aws_subnet.lambda",
            "aws_vpc.vpc",
            "data.archive_file.lambda",
            "data.aws_availability_zones.available"
          ]
        }
      ]
    },
    {
      "mode": "managed",
      "type": "aws_cloudwatch_log_group",
      "name": "api",
      "provider": "provider[\"registry.terraform.io/hashicorp/aws\"]",
      "instances": [
        {
          "schema_version": 0,
          "attributes": {
            "arn": "arn:aws:logs:eu-west-3:247625421810:log-group:/aws/apigw/lambda",
            "deletion_protection_enabled": false,
            "id": "/aws/apigw/lambda",
            "kms_key_id": "",
            "log_group_class": "STANDARD",
            "name": "/aws/apigw/lambda",
            "name_prefix": "",
            "region": "eu-west-3",
            "retention_in_days": 1,
            "skip_destroy": false,
            "tags": {
              "Admin": "Thomas Tuminaro",
              "ManagedBy": "Terraform",
              "Project": "tf-aws-lambda-project"
            },
            "tags_all": {
              "Admin": "Thomas Tuminaro",
              "ManagedBy": "Terraform",
              "Project": "tf-aws-lambda-project"
            }
          },
          "sensitive_attributes": [],
          "identity_schema_version": 0,
          "identity": {
            "account_id": "247625421810",
            "name": "/aws/apigw/lambda",
            "region": "eu-west-3"
          },
          "private": "bnVsbA=="
        }
      ]
    },
    {
      "mode": "managed",
      "type": "aws_cloudwatch_log_group",
      "name": "lambda",
      "provider": "provider[\"registry.terraform.io/hashicorp/aws\"]",
      "instances": [
        {
          "schema_version": 0,
          "attributes": {
            "arn": "arn:aws:logs:eu-west-3:247625421810:log-group:/aws/lambda/test",
            "deletion_protection_enabled": false,
            "id": "/aws/lambda/test",
            "kms_key_id": "",
            "log_group_class": "STANDARD",
            "name": "/aws/lambda/test",
            "name_prefix": "",
            "region": "eu-west-3",
            "retention_in_days": 1,
            "skip_destroy": false,
            "tags": {
              "Admin": "Thomas Tuminaro",
              "ManagedBy": "Terraform",
              "Project": "tf-aws-lambda-project"
            },
            "tags_all": {
              "Admin": "Thomas Tuminaro",
              "ManagedBy": "Terraform",
              "Project": "tf-aws-lambda-project"
            }
          },
          "sensitive_attributes": [],
          "identity_schema_version": 0,
          "identity": {
            "account_id": "247625421810",
            "name": "/aws/lambda/test",
            "region": "eu-west-3"
          },
          "private": "bnVsbA=="
        }
      ]
    },
    {
      "mode": "managed",
      "type": "aws_db_instance",
      "name": "db",
      "provider": "provider[\"registry.terraform.io/hashicorp/aws\"]",
      "instances": [
        {
          "schema_version": 2,
          "attributes": {
            "address": "terraform-20260309081505462900000002.cqedc7azcz8o.eu-west-3.rds.amazonaws.com",
            "allocated_storage": 10,
            "allow_major_version_upgrade": null,
            "apply_immediately": false,
            "arn": "arn:aws:rds:eu-west-3:247625421810:db:terraform-20260309081505462900000002",
            "auto_minor_version_upgrade": true,
            "availability_zone": "eu-west-3a",
            "backup_retention_period": 0,
            "backup_target": "region",
            "backup_window": "13:29-13:59",
            "blue_green_update": [],
            "ca_cert_identifier": "rds-ca-rsa2048-g1",
            "character_set_name": "",
            "copy_tags_to_snapshot": false,
            "custom_iam_instance_profile": "",
            "customer_owned_ip_enabled": false,
            "database_insights_mode": "standard",
            "db_name": "db_customers",
            "db_subnet_group_name": "tf-aws-lambda-project-db-subnets",
            "dedicated_log_volume": false,
            "delete_automated_backups": true,
            "deletion_protection": false,
            "domain": "",
            "domain_auth_secret_arn": "",
            "domain_dns_ips": [],
            "domain_fqdn": "",
            "domain_iam_role_name": "",
            "domain_ou": "",
            "enabled_cloudwatch_logs_exports": [],
            "endpoint": "terraform-20260309081505462900000002.cqedc7azcz8o.eu-west-3.rds.amazonaws.com:3306",
            "engine": "mysql",
            "engine_lifecycle_support": "open-source-rds-extended-support",
            "engine_version": "8.4.7",
            "engine_version_actual": "8.4.7",
            "final_snapshot_identifier": null,
            "hosted_zone_id": "ZMESEXB7ZGGQ3",
            "iam_database_authentication_enabled": false,
            "id": "db-NMJCRIDRQPJDN3H3PTQEMRFRFA",
            "identifier": "terraform-20260309081505462900000002",
            "identifier_prefix": "terraform-",
            "instance_class": "db.t4g.micro",
            "iops": 0,
            "kms_key_id": "",
            "latest_restorable_time": "",
            "license_model": "general-public-license",
            "listener_endpoint": [],
            "maintenance_window": "sat:02:05-sat:02:35",
            "manage_master_user_password": true,
            "master_user_secret": [
              {
                "kms_key_id": "arn:aws:kms:eu-west-3:247625421810:key/f6b2133e-b2f9-4244-ad26-135b4ec29ce6",
                "secret_arn": "arn:aws:secretsmanager:eu-west-3:247625421810:secret:rds!db-e23ae63f-a722-4ec9-b4ac-797ad40ba7b0-fH7unm",
                "secret_status": "active"
              }
            ],
            "master_user_secret_kms_key_id": null,
            "max_allocated_storage": 0,
            "monitoring_interval": 0,
            "monitoring_role_arn": "",
            "multi_az": false,
            "nchar_character_set_name": "",
            "network_type": "IPV4",
            "option_group_name": "default:mysql-8-4",
            "parameter_group_name": "default.mysql8.4",
            "password": null,
            "password_wo": null,
            "password_wo_version": null,
            "performance_insights_enabled": false,
            "performance_insights_kms_key_id": "",
            "performance_insights_retention_period": 0,
            "port": 3306,
            "publicly_accessible": false,
            "region": "eu-west-3",
            "replica_mode": "",
            "replicas": [],
            "replicate_source_db": "",
            "resource_id": "db-NMJCRIDRQPJDN3H3PTQEMRFRFA",
            "restore_to_point_in_time": [],
            "s3_import": [],
            "skip_final_snapshot": true,
            "snapshot_identifier": null,
            "status": "available",
            "storage_encrypted": false,
            "storage_throughput": 0,
            "storage_type": "gp2",
            "tags": {
              "Admin": "Thomas Tuminaro",
              "ManagedBy": "Terraform",
              "Name": "tf-aws-lambda-project-db",
              "Project": "tf-aws-lambda-project"
            },
            "tags_all": {
              "Admin": "Thomas Tuminaro",
              "ManagedBy": "Terraform",
              "Name": "tf-aws-lambda-project-db",
              "Project": "tf-aws-lambda-project"
            },
            "timeouts": null,
            "timezone": "",
            "upgrade_rollout_order": "second",
            "upgrade_storage_config": null,
            "username": "admin",
            "vpc_security_group_ids": [
              "sg-03271b0f47eb90193"
            ]
          },
          "sensitive_attributes": [
            [
              {
                "type": "get_attr",
                "value": "password"
              }
            ],
            [
              {
                "type": "get_attr",
                "value": "password_wo"
              }
            ]
          ],
          "identity_schema_version": 0,
          "private": "eyJlMmJmYjczMC1lY2FhLTExZTYtOGY4OC0zNDM2M2JjN2M0YzAiOnsiY3JlYXRlIjozMDAwMDAwMDAwMDAwLCJkZWxldGUiOjM2MDAwMDAwMDAwMDAsInVwZGF0ZSI6NDgwMDAwMDAwMDAwMH0sInNjaGVtYV92ZXJzaW9uIjoiMiJ9",
          "dependencies": [
            "aws_db_subnet_group.db",
            "aws_security_group.db_proxy",
            "aws_subnet.db",
            "aws_vpc.vpc",
            "data.aws_availability_zones.available"
          ]
        }
      ]
    },
    {
      "mode": "managed",
      "type": "aws_db_proxy",
      "name": "proxy",
      "provider": "provider[\"registry.terraform.io/hashicorp/aws\"]",
      "instances": [
        {
          "schema_version": 0,
          "attributes": {
            "arn": "arn:aws:rds:eu-west-3:247625421810:db-proxy:prx-0da8bad2b4441c65b",
            "auth": [
              {
                "auth_scheme": "SECRETS",
                "client_password_auth_type": "MYSQL_CACHING_SHA2_PASSWORD",
                "description": "Proxy authentication configuration.",
                "iam_auth": "REQUIRED",
                "secret_arn": "arn:aws:secretsmanager:eu-west-3:247625421810:secret:rds!db-e23ae63f-a722-4ec9-b4ac-797ad40ba7b0-fH7unm",
                "username": ""
              }
            ],
            "debug_logging": false,
            "default_auth_scheme": "NONE",
            "endpoint": "tf-aws-lambda-project-proxy.proxy-cqedc7azcz8o.eu-west-3.rds.amazonaws.com",
            "endpoint_network_type": "IPV4",
            "engine_family": "MYSQL",
            "id": "tf-aws-lambda-project-proxy",
            "idle_client_timeout": 1800,
            "name": "tf-aws-lambda-project-proxy",
            "region": "eu-west-3",
            "require_tls": true,
            "role_arn": "arn:aws:iam::247625421810:role/tf-aws-lambda-project-proxy-secret",
            "tags": {
              "Admin": "Thomas Tuminaro",
              "ManagedBy": "Terraform",
              "Name": "tf-aws-lambda-project-db-proxy",
              "Project": "tf-aws-lambda-project"
            },
            "tags_all": {
              "Admin": "Thomas Tuminaro",
              "ManagedBy": "Terraform",
              "Name": "tf-aws-lambda-project-db-proxy",
              "Project": "tf-aws-lambda-project"
            },
            "target_connection_network_type": "IPV4",
            "timeouts": null,
            "vpc_security_group_ids": [
              "sg-03c567354ab3eb0d0"
            ],
            "vpc_subnet_ids": [
              "subnet-0494d7a26c589f3ac",
              "subnet-0761ce84923da273e"
            ]
          },
          "sensitive_attributes": [],
          "identity_schema_version": 0,
          "private": "eyJlMmJmYjczMC1lY2FhLTExZTYtOGY4OC0zNDM2M2JjN2M0YzAiOnsiY3JlYXRlIjoxODAwMDAwMDAwMDAwLCJkZWxldGUiOjM2MDAwMDAwMDAwMDAsInVwZGF0ZSI6MTgwMDAwMDAwMDAwMH19",
          "dependencies": [
            "aws_db_instance.db",
            "aws_db_subnet_group.db",
            "aws_iam_role.proxy",
            "aws_security_group.db_proxy",
            "aws_security_group.proxy_lambda",
            "aws_subnet.db",
            "aws_vpc.vpc",
            "data.aws_availability_zones.available"
          ]
        }
      ]
    },
    {
      "mode": "managed",
      "type": "aws_db_subnet_group",
      "name": "db",
      "provider": "provider[\"registry.terraform.io/hashicorp/aws\"]",
      "instances": [
        {
          "schema_version": 0,
          "attributes": {
            "arn": "arn:aws:rds:eu-west-3:247625421810:subgrp:tf-aws-lambda-project-db-subnets",
            "description": "Managed by Terraform",
            "id": "tf-aws-lambda-project-db-subnets",
            "name": "tf-aws-lambda-project-db-subnets",
            "name_prefix": "",
            "region": "eu-west-3",
            "subnet_ids": [
              "subnet-0494d7a26c589f3ac",
              "subnet-0761ce84923da273e"
            ],
            "supported_network_types": [
              "IPV4"
            ],
            "tags": {
              "Admin": "Thomas Tuminaro",
              "ManagedBy": "Terraform",
              "Name": "tf-aws-lambda-project-db-subnets",
              "Project": "tf-aws-lambda-project"
            },
            "tags_all": {
              "Admin": "Thomas Tuminaro",
              "ManagedBy": "Terraform",
              "Name": "tf-aws-lambda-project-db-subnets",
              "Project": "tf-aws-lambda-project"
            },
            "vpc_id": "vpc-04912de581d8b992c"
          },
          "sensitive_attributes": [],
          "identity_schema_version": 0,
          "private": "bnVsbA==",
          "dependencies": [
            "aws_subnet.db",
            "aws_vpc.vpc",
            "data.aws_availability_zones.available"
          ]
        }
      ]
    },
    {
      "mode": "managed",
      "type": "aws_iam_policy",
      "name": "getsecret",
      "provider": "provider[\"registry.terraform.io/hashicorp/aws\"]",
      "instances": [
        {
          "schema_version": 0,
          "attributes": {
            "arn": "arn:aws:iam::247625421810:policy/tf-aws-lambda-project-allow-lambda-secret",
            "attachment_count": 2,
            "delay_after_policy_creation_in_ms": null,
            "description": "Allowing Lambda to fetch secrets manager info.",
            "id": "arn:aws:iam::247625421810:policy/tf-aws-lambda-project-allow-lambda-secret",
            "name": "tf-aws-lambda-project-allow-lambda-secret",
            "name_prefix": "",
            "path": "/",
            "policy": "{\"Statement\":[{\"Action\":[\"secretsmanager:GetSecretValue\"],\"Effect\":\"Allow\",\"Resource\":\"arn:aws:secretsmanager:eu-west-3:247625421810:secret:rds!db-e23ae63f-a722-4ec9-b4ac-797ad40ba7b0-fH7unm\"}],\"Version\":\"2012-10-17\"}",
            "policy_id": "ANPATTJ5ACPZAICQFKSYP",
            "tags": {},
            "tags_all": {}
          },
          "sensitive_attributes": [],
          "identity_schema_version": 0,
          "identity": {
            "arn": "arn:aws:iam::247625421810:policy/tf-aws-lambda-project-allow-lambda-secret"
          },
          "private": "bnVsbA==",
          "dependencies": [
            "aws_db_instance.db",
            "aws_db_subnet_group.db",
            "aws_security_group.db_proxy",
            "aws_subnet.db",
            "aws_vpc.vpc",
            "data.aws_availability_zones.available"
          ]
        }
      ]
    },
    {
      "mode": "managed",
      "type": "aws_iam_policy",
      "name": "writecloudwatch",
      "provider": "provider[\"registry.terraform.io/hashicorp/aws\"]",
      "instances": [
        {
          "schema_version": 0,
          "attributes": {
            "arn": "arn:aws:iam::247625421810:policy/tf-aws-lambda-project-allow-lambda-cloudwatch",
            "attachment_count": 1,
            "delay_after_policy_creation_in_ms": null,
            "description": "Policy to allow Lambda function to write logs in CloudWatch.",
            "id": "arn:aws:iam::247625421810:policy/tf-aws-lambda-project-allow-lambda-cloudwatch",
            "name": "tf-aws-lambda-project-allow-lambda-cloudwatch",
            "name_prefix": "",
            "path": "/",
            "policy": "{\"Statement\":[{\"Action\":\"logs:CreateLogGroup\",\"Effect\":\"Allow\",\"Resource\":\"arn:aws:logs:eu-west-3:247625421810:*\"},{\"Action\":[\"logs:CreateLogStream\",\"logs:PutLogEvents\"],\"Effect\":\"Allow\",\"Resource\":[\"arn:aws:logs:eu-west-3:247625421810:log-group:/aws/lambda/test:*\"]}],\"Version\":\"2012-10-17\"}",
            "policy_id": "ANPATTJ5ACPZKHCGEQZHZ",
            "tags": {},
            "tags_all": {}
          },
          "sensitive_attributes": [],
          "identity_schema_version": 0,
          "identity": {
            "arn": "arn:aws:iam::247625421810:policy/tf-aws-lambda-project-allow-lambda-cloudwatch"
          },
          "private": "bnVsbA==",
          "dependencies": [
            "data.aws_caller_identity.current"
          ]
        }
      ]
    },
    {
      "mode": "managed",
      "type": "aws_iam_role",
      "name": "apicloudwatch",
      "provider": "provider[\"registry.terraform.io/hashicorp/aws\"]",
      "instances": [
        {
          "schema_version": 0,
          "attributes": {
            "arn": "arn:aws:iam::247625421810:role/tf-aws-lambda-project-api-role",
            "assume_role_policy": "{\"Statement\":[{\"Action\":\"sts:AssumeRole\",\"Effect\":\"Allow\",\"Principal\":{\"Service\":\"apigateway.amazonaws.com\"},\"Sid\":\"\"}],\"Version\":\"2012-10-17\"}",
            "create_date": "2026-03-09T08:14:47Z",
            "description": "",
            "force_detach_policies": false,
            "id": "tf-aws-lambda-project-api-role",
            "inline_policy": [],
            "managed_policy_arns": [
              "arn:aws:iam::aws:policy/service-role/AmazonAPIGatewayPushToCloudWatchLogs"
            ],
            "max_session_duration": 3600,
            "name": "tf-aws-lambda-project-api-role",
            "name_prefix": "",
            "path": "/",
            "permissions_boundary": "",
            "tags": {
              "Admin": "Thomas Tuminaro",
              "ManagedBy": "Terraform",
              "Project": "tf-aws-lambda-project"
            },
            "tags_all": {
              "Admin": "Thomas Tuminaro",
              "ManagedBy": "Terraform",
              "Project": "tf-aws-lambda-project"
            },
            "unique_id": "AROATTJ5ACPZEV7ZF7HO7"
          },
          "sensitive_attributes": [],
          "identity_schema_version": 0,
          "identity": {
            "account_id": "247625421810",
            "name": "tf-aws-lambda-project-api-role"
          },
          "private": "bnVsbA=="
        }
      ]
    },
    {
      "mode": "managed",
      "type": "aws_iam_role",
      "name": "lambda",
      "provider": "provider[\"registry.terraform.io/hashicorp/aws\"]",
      "instances": [
        {
          "schema_version": 0,
          "attributes": {
            "arn": "arn:aws:iam::247625421810:role/tf-aws-lambda-project-lambda",
            "assume_role_policy": "{\"Statement\":[{\"Action\":\"sts:AssumeRole\",\"Effect\":\"Allow\",\"Principal\":{\"Service\":\"lambda.amazonaws.com\"},\"Sid\":\"\"}],\"Version\":\"2012-10-17\"}",
            "create_date": "2026-03-09T08:14:47Z",
            "description": "",
            "force_detach_policies": false,
            "id": "tf-aws-lambda-project-lambda",
            "inline_policy": [],
            "managed_policy_arns": [
              "arn:aws:iam::247625421810:policy/tf-aws-lambda-project-allow-lambda-cloudwatch",
              "arn:aws:iam::247625421810:policy/tf-aws-lambda-project-allow-lambda-secret",
              "arn:aws:iam::aws:policy/service-role/AWSLambdaVPCAccessExecutionRole"
            ],
            "max_session_duration": 3600,
            "name": "tf-aws-lambda-project-lambda",
            "name_prefix": "",
            "path": "/",
            "permissions_boundary": "",
            "tags": {
              "Admin": "Thomas Tuminaro",
              "ManagedBy": "Terraform",
              "Project": "tf-aws-lambda-project"
            },
            "tags_all": {
              "Admin": "Thomas Tuminaro",
              "ManagedBy": "Terraform",
              "Project": "tf-aws-lambda-project"
            },
            "unique_id": "AROATTJ5ACPZN3UOKPI55"
          },
          "sensitive_attributes": [],
          "identity_schema_version": 0,
          "identity": {
            "account_id": "247625421810",
            "name": "tf-aws-lambda-project-lambda"
          },
          "private": "bnVsbA=="
        }
      ]
    },
    {
      "mode": "managed",
      "type": "aws_iam_role",
      "name": "proxy",
      "provider": "provider[\"registry.terraform.io/hashicorp/aws\"]",
      "instances": [
        {
          "schema_version": 0,
          "attributes": {
            "arn": "arn:aws:iam::247625421810:role/tf-aws-lambda-project-proxy-secret",
            "assume_role_policy": "{\"Statement\":[{\"Action\":\"sts:AssumeRole\",\"Effect\":\"Allow\",\"Principal\":{\"Service\":\"rds.amazonaws.com\"},\"Sid\":\"\"}],\"Version\":\"2012-10-17\"}",
            "create_date": "2026-03-09T08:14:47Z",
            "description": "",
            "force_detach_policies": false,
            "id": "tf-aws-lambda-project-proxy-secret",
            "inline_policy": [],
            "managed_policy_arns": [
              "arn:aws:iam::247625421810:policy/tf-aws-lambda-project-allow-lambda-secret"
            ],
            "max_session_duration": 3600,
            "name": "tf-aws-lambda-project-proxy-secret",
            "name_prefix": "",
            "path": "/",
            "permissions_boundary": "",
            "tags": {},
            "tags_all": {},
            "unique_id": "AROATTJ5ACPZPYEIAAFWN"
          },
          "sensitive_attributes": [],
          "identity_schema_version": 0,
          "identity": {
            "account_id": "247625421810",
            "name": "tf-aws-lambda-project-proxy-secret"
          },
          "private": "bnVsbA=="
        }
      ]
    },
    {
      "mode": "managed",
      "type": "aws_iam_role_policy_attachment",
      "name": "apicloudwatch",
      "provider": "provider[\"registry.terraform.io/hashicorp/aws\"]",
      "instances": [
        {
          "schema_version": 0,
          "attributes": {
            "id": "tf-aws-lambda-project-api-role/arn:aws:iam::aws:policy/service-role/AmazonAPIGatewayPushToCloudWatchLogs",
            "policy_arn": "arn:aws:iam::aws:policy/service-role/AmazonAPIGatewayPushToCloudWatchLogs",
            "role": "tf-aws-lambda-project-api-role"
          },
          "sensitive_attributes": [],
          "identity_schema_version": 0,
          "identity": {
            "account_id": "247625421810",
            "policy_arn": "arn:aws:iam::aws:policy/service-role/AmazonAPIGatewayPushToCloudWatchLogs",
            "role": "tf-aws-lambda-project-api-role"
          },
          "private": "bnVsbA==",
          "dependencies": [
            "aws_iam_role.apicloudwatch",
            "data.aws_iam_policy.apicloudwatch"
          ]
        }
      ]
    },
    {
      "mode": "managed",
      "type": "aws_iam_role_policy_attachment",
      "name": "lambda-cloudwatch",
      "provider": "provider[\"registry.terraform.io/hashicorp/aws\"]",
      "instances": [
        {
          "schema_version": 0,
          "attributes": {
            "id": "tf-aws-lambda-project-lambda/arn:aws:iam::247625421810:policy/tf-aws-lambda-project-allow-lambda-cloudwatch",
            "policy_arn": "arn:aws:iam::247625421810:policy/tf-aws-lambda-project-allow-lambda-cloudwatch",
            "role": "tf-aws-lambda-project-lambda"
          },
          "sensitive_attributes": [],
          "identity_schema_version": 0,
          "identity": {
            "account_id": "247625421810",
            "policy_arn": "arn:aws:iam::247625421810:policy/tf-aws-lambda-project-allow-lambda-cloudwatch",
            "role": "tf-aws-lambda-project-lambda"
          },
          "private": "bnVsbA==",
          "dependencies": [
            "aws_iam_policy.writecloudwatch",
            "aws_iam_role.lambda",
            "data.aws_caller_identity.current"
          ]
        }
      ]
    },
    {
      "mode": "managed",
      "type": "aws_iam_role_policy_attachment",
      "name": "lambda-secretmanager",
      "provider": "provider[\"registry.terraform.io/hashicorp/aws\"]",
      "instances": [
        {
          "schema_version": 0,
          "attributes": {
            "id": "tf-aws-lambda-project-lambda/arn:aws:iam::247625421810:policy/tf-aws-lambda-project-allow-lambda-secret",
            "policy_arn": "arn:aws:iam::247625421810:policy/tf-aws-lambda-project-allow-lambda-secret",
            "role": "tf-aws-lambda-project-lambda"
          },
          "sensitive_attributes": [],
          "identity_schema_version": 0,
          "identity": {
            "account_id": "247625421810",
            "policy_arn": "arn:aws:iam::247625421810:policy/tf-aws-lambda-project-allow-lambda-secret",
            "role": "tf-aws-lambda-project-lambda"
          },
          "private": "bnVsbA==",
          "dependencies": [
            "aws_db_instance.db",
            "aws_db_subnet_group.db",
            "aws_iam_policy.getsecret",
            "aws_iam_role.lambda",
            "aws_security_group.db_proxy",
            "aws_subnet.db",
            "aws_vpc.vpc",
            "data.aws_availability_zones.available"
          ]
        }
      ]
    },
    {
      "mode": "managed",
      "type": "aws_iam_role_policy_attachment",
      "name": "lambda-vpc",
      "provider": "provider[\"registry.terraform.io/hashicorp/aws\"]",
      "instances": [
        {
          "schema_version": 0,
          "attributes": {
            "id": "tf-aws-lambda-project-lambda/arn:aws:iam::aws:policy/service-role/AWSLambdaVPCAccessExecutionRole",
            "policy_arn": "arn:aws:iam::aws:policy/service-role/AWSLambdaVPCAccessExecutionRole",
            "role": "tf-aws-lambda-project-lambda"
          },
          "sensitive_attributes": [],
          "identity_schema_version": 0,
          "identity": {
            "account_id": "247625421810",
            "policy_arn": "arn:aws:iam::aws:policy/service-role/AWSLambdaVPCAccessExecutionRole",
            "role": "tf-aws-lambda-project-lambda"
          },
          "private": "bnVsbA==",
          "dependencies": [
            "aws_iam_role.lambda",
            "data.aws_iam_policy.lambda-vpc"
          ]
        }
      ]
    },
    {
      "mode": "managed",
      "type": "aws_iam_role_policy_attachment",
      "name": "proxy-secret",
      "provider": "provider[\"registry.terraform.io/hashicorp/aws\"]",
      "instances": [
        {
          "schema_version": 0,
          "attributes": {
            "id": "tf-aws-lambda-project-proxy-secret/arn:aws:iam::247625421810:policy/tf-aws-lambda-project-allow-lambda-secret",
            "policy_arn": "arn:aws:iam::247625421810:policy/tf-aws-lambda-project-allow-lambda-secret",
            "role": "tf-aws-lambda-project-proxy-secret"
          },
          "sensitive_attributes": [],
          "identity_schema_version": 0,
          "identity": {
            "account_id": "247625421810",
            "policy_arn": "arn:aws:iam::247625421810:policy/tf-aws-lambda-project-allow-lambda-secret",
            "role": "tf-aws-lambda-project-proxy-secret"
          },
          "private": "bnVsbA==",
          "dependencies": [
            "aws_db_instance.db",
            "aws_db_subnet_group.db",
            "aws_iam_policy.getsecret",
            "aws_iam_role.proxy",
            "aws_security_group.db_proxy",
            "aws_subnet.db",
            "aws_vpc.vpc",
            "data.aws_availability_zones.available"
          ]
        }
      ]
    },
    {
      "mode": "managed",
      "type": "aws_lambda_function",
      "name": "lambda",
      "provider": "provider[\"registry.terraform.io/hashicorp/aws\"]",
      "instances": [
        {
          "schema_version": 0,
          "attributes": {
            "architectures": [
              "x86_64"
            ],
            "arn": "arn:aws:lambda:eu-west-3:247625421810:function:test",
            "capacity_provider_config": [],
            "code_sha256": "2aTRHih5hCxsAf42n+BWdNAcP3cWU53Ae66t4/IgRJM=",
            "code_signing_config_arn": "",
            "dead_letter_config": [],
            "description": "",
            "durable_config": [],
            "environment": [
              {
                "variables": {
                  "db_name": "db_customers",
                  "db_secret": "arn:aws:secretsmanager:eu-west-3:247625421810:secret:rds!db-e23ae63f-a722-4ec9-b4ac-797ad40ba7b0-fH7unm",
                  "db_user": "admin",
                  "proxy_endpoint": "tf-aws-lambda-project-proxy.proxy-cqedc7azcz8o.eu-west-3.rds.amazonaws.com"
                }
              }
            ],
            "ephemeral_storage": [
              {
                "size": 512
              }
            ],
            "file_system_config": [],
            "filename": "../src/function.zip",
            "function_name": "test",
            "handler": "main.lambda_handler",
            "id": "test",
            "image_config": [],
            "image_uri": "",
            "invoke_arn": "arn:aws:apigateway:eu-west-3:lambda:path/2015-03-31/functions/arn:aws:lambda:eu-west-3:247625421810:function:test/invocations",
            "kms_key_arn": "",
            "last_modified": "2026-03-09T08:24:25.615+0000",
            "layers": null,
            "logging_config": [
              {
                "application_log_level": "INFO",
                "log_format": "JSON",
                "log_group": "/aws/lambda/test",
                "system_log_level": "INFO"
              }
            ],
            "memory_size": 128,
            "package_type": "Zip",
            "publish": false,
            "publish_to": null,
            "qualified_arn": "arn:aws:lambda:eu-west-3:247625421810:function:test:$LATEST",
            "qualified_invoke_arn": "arn:aws:apigateway:eu-west-3:lambda:path/2015-03-31/functions/arn:aws:lambda:eu-west-3:247625421810:function:test:$LATEST/invocations",
            "region": "eu-west-3",
            "replace_security_groups_on_destroy": null,
            "replacement_security_group_ids": null,
            "reserved_concurrent_executions": -1,
            "response_streaming_invoke_arn": "arn:aws:apigateway:eu-west-3:lambda:path/2021-11-15/functions/arn:aws:lambda:eu-west-3:247625421810:function:test/response-streaming-invocations",
            "role": "arn:aws:iam::247625421810:role/tf-aws-lambda-project-lambda",
            "runtime": "python3.14",
            "s3_bucket": null,
            "s3_key": null,
            "s3_object_version": null,
            "signing_job_arn": "",
            "signing_profile_version_arn": "",
            "skip_destroy": false,
            "snap_start": [],
            "source_code_hash": "",
            "source_code_size": 108115,
            "source_kms_key_arn": "",
            "tags": null,
            "tags_all": {},
            "tenancy_config": [],
            "timeout": 3,
            "timeouts": null,
            "tracing_config": [
              {
                "mode": "PassThrough"
              }
            ],
            "version": "$LATEST",
            "vpc_config": [
              {
                "ipv6_allowed_for_dual_stack": false,
                "security_group_ids": [
                  "sg-05abaa9a042966e46"
                ],
                "subnet_ids": [
                  "subnet-005697083e41dc1b1",
                  "subnet-0735474e54f0c0704"
                ],
                "vpc_id": "vpc-04912de581d8b992c"
              }
            ]
          },
          "sensitive_attributes": [],
          "identity_schema_version": 0,
          "identity": {
            "account_id": "247625421810",
            "function_name": "test",
            "region": "eu-west-3"
          },
          "private": "eyJlMmJmYjczMC1lY2FhLTExZTYtOGY4OC0zNDM2M2JjN2M0YzAiOnsiY3JlYXRlIjo2MDAwMDAwMDAwMDAsImRlbGV0ZSI6NjAwMDAwMDAwMDAwLCJ1cGRhdGUiOjYwMDAwMDAwMDAwMH19",
          "dependencies": [
            "aws_cloudwatch_log_group.lambda",
            "aws_db_instance.db",
            "aws_db_proxy.proxy",
            "aws_db_subnet_group.db",
            "aws_iam_role.lambda",
            "aws_iam_role.proxy",
            "aws_security_group.db_proxy",
            "aws_security_group.lambda_proxy",
            "aws_security_group.proxy_lambda",
            "aws_subnet.db",
            "aws_subnet.lambda",
            "aws_vpc.vpc",
            "data.archive_file.lambda",
            "data.aws_availability_zones.available"
          ]
        }
      ]
    },
    {
      "mode": "managed",
      "type": "aws_security_group",
      "name": "db_proxy",
      "provider": "provider[\"registry.terraform.io/hashicorp/aws\"]",
      "instances": [
        {
          "schema_version": 1,
          "attributes": {
            "arn": "arn:aws:ec2:eu-west-3:247625421810:security-group/sg-03271b0f47eb90193",
            "description": "Security group to manage connections on RDS DB, only to allow the connections from RDS proxy.",
            "egress": [],
            "id": "sg-03271b0f47eb90193",
            "ingress": [
              {
                "cidr_blocks": [],
                "description": "",
                "from_port": 3306,
                "ipv6_cidr_blocks": [],
                "prefix_list_ids": [],
                "protocol": "tcp",
                "security_groups": [
                  "sg-03c567354ab3eb0d0"
                ],
                "self": false,
                "to_port": 3306
              }
            ],
            "name": "tf-aws-lambda-project-db-proxy",
            "name_prefix": "",
            "owner_id": "247625421810",
            "region": "eu-west-3",
            "revoke_rules_on_delete": false,
            "tags": {
              "Admin": "Thomas Tuminaro",
              "ManagedBy": "Terraform",
              "Name": "tf-aws-lambda-project-db-proxy",
              "Project": "tf-aws-lambda-project"
            },
            "tags_all": {
              "Admin": "Thomas Tuminaro",
              "ManagedBy": "Terraform",
              "Name": "tf-aws-lambda-project-db-proxy",
              "Project": "tf-aws-lambda-project"
            },
            "timeouts": null,
            "vpc_id": "vpc-04912de581d8b992c"
          },
          "sensitive_attributes": [],
          "identity_schema_version": 0,
          "identity": {
            "account_id": "247625421810",
            "id": "sg-03271b0f47eb90193",
            "region": "eu-west-3"
          },
          "private": "eyJlMmJmYjczMC1lY2FhLTExZTYtOGY4OC0zNDM2M2JjN2M0YzAiOnsiY3JlYXRlIjo2MDAwMDAwMDAwMDAsImRlbGV0ZSI6OTAwMDAwMDAwMDAwfSwic2NoZW1hX3ZlcnNpb24iOiIxIn0=",
          "dependencies": [
            "aws_vpc.vpc"
          ]
        }
      ]
    },
    {
      "mode": "managed",
      "type": "aws_security_group",
      "name": "lambda_proxy",
      "provider": "provider[\"registry.terraform.io/hashicorp/aws\"]",
      "instances": [
        {
          "schema_version": 1,
          "attributes": {
            "arn": "arn:aws:ec2:eu-west-3:247625421810:security-group/sg-05abaa9a042966e46",
            "description": "Security group to manage connections between Lambda function and RDS proxy and to VPC endpoint.",
            "egress": [
              {
                "cidr_blocks": [],
                "description": "",
                "from_port": 3306,
                "ipv6_cidr_blocks": [],
                "prefix_list_ids": [],
                "protocol": "tcp",
                "security_groups": [
                  "sg-03c567354ab3eb0d0"
                ],
                "self": false,
                "to_port": 3306
              },
              {
                "cidr_blocks": [],
                "description": "",
                "from_port": 443,
                "ipv6_cidr_blocks": [],
                "prefix_list_ids": [],
                "protocol": "tcp",
                "security_groups": [
                  "sg-076020becddce1bc8"
                ],
                "self": false,
                "to_port": 443
              }
            ],
            "id": "sg-05abaa9a042966e46",
            "ingress": [],
            "name": "tf-aws-lambda-project-lambda-proxy",
            "name_prefix": "",
            "owner_id": "247625421810",
            "region": "eu-west-3",
            "revoke_rules_on_delete": false,
            "tags": {
              "Admin": "Thomas Tuminaro",
              "ManagedBy": "Terraform",
              "Name": "tf-aws-lambda-project-lambda-proxy",
              "Project": "tf-aws-lambda-project"
            },
            "tags_all": {
              "Admin": "Thomas Tuminaro",
              "ManagedBy": "Terraform",
              "Name": "tf-aws-lambda-project-lambda-proxy",
              "Project": "tf-aws-lambda-project"
            },
            "timeouts": null,
            "vpc_id": "vpc-04912de581d8b992c"
          },
          "sensitive_attributes": [],
          "identity_schema_version": 0,
          "identity": {
            "account_id": "247625421810",
            "id": "sg-05abaa9a042966e46",
            "region": "eu-west-3"
          },
          "private": "eyJlMmJmYjczMC1lY2FhLTExZTYtOGY4OC0zNDM2M2JjN2M0YzAiOnsiY3JlYXRlIjo2MDAwMDAwMDAwMDAsImRlbGV0ZSI6OTAwMDAwMDAwMDAwfSwic2NoZW1hX3ZlcnNpb24iOiIxIn0=",
          "dependencies": [
            "aws_vpc.vpc"
          ]
        }
      ]
    },
    {
      "mode": "managed",
      "type": "aws_security_group",
      "name": "proxy_lambda",
      "provider": "provider[\"registry.terraform.io/hashicorp/aws\"]",
      "instances": [
        {
          "schema_version": 1,
          "attributes": {
            "arn": "arn:aws:ec2:eu-west-3:247625421810:security-group/sg-03c567354ab3eb0d0",
            "description": "Security group to manage connections of RDS proxy, to Lambda and RDS db.",
            "egress": [
              {
                "cidr_blocks": [],
                "description": "",
                "from_port": 3306,
                "ipv6_cidr_blocks": [],
                "prefix_list_ids": [],
                "protocol": "tcp",
                "security_groups": [
                  "sg-03271b0f47eb90193"
                ],
                "self": false,
                "to_port": 3306
              }
            ],
            "id": "sg-03c567354ab3eb0d0",
            "ingress": [
              {
                "cidr_blocks": [],
                "description": "",
                "from_port": 3306,
                "ipv6_cidr_blocks": [],
                "prefix_list_ids": [],
                "protocol": "tcp",
                "security_groups": [
                  "sg-05abaa9a042966e46"
                ],
                "self": false,
                "to_port": 3306
              }
            ],
            "name": "tf-aws-lambda-project-proxy-lambda",
            "name_prefix": "",
            "owner_id": "247625421810",
            "region": "eu-west-3",
            "revoke_rules_on_delete": false,
            "tags": {
              "Admin": "Thomas Tuminaro",
              "ManagedBy": "Terraform",
              "Name": "tf-aws-lambda-project-proxy-lambda",
              "Project": "tf-aws-lambda-project"
            },
            "tags_all": {
              "Admin": "Thomas Tuminaro",
              "ManagedBy": "Terraform",
              "Name": "tf-aws-lambda-project-proxy-lambda",
              "Project": "tf-aws-lambda-project"
            },
            "timeouts": null,
            "vpc_id": "vpc-04912de581d8b992c"
          },
          "sensitive_attributes": [],
          "identity_schema_version": 0,
          "identity": {
            "account_id": "247625421810",
            "id": "sg-03c567354ab3eb0d0",
            "region": "eu-west-3"
          },
          "private": "eyJlMmJmYjczMC1lY2FhLTExZTYtOGY4OC0zNDM2M2JjN2M0YzAiOnsiY3JlYXRlIjo2MDAwMDAwMDAwMDAsImRlbGV0ZSI6OTAwMDAwMDAwMDAwfSwic2NoZW1hX3ZlcnNpb24iOiIxIn0=",
          "dependencies": [
            "aws_vpc.vpc"
          ]
        }
      ]
    },
    {
      "mode": "managed",
      "type": "aws_security_group",
      "name": "vpcendpoint",
      "provider": "provider[\"registry.terraform.io/hashicorp/aws\"]",
      "instances": [
        {
          "schema_version": 1,
          "attributes": {
            "arn": "arn:aws:ec2:eu-west-3:247625421810:security-group/sg-076020becddce1bc8",
            "description": "Security group for VPC endpoint, only allow connections from Lambda.",
            "egress": [],
            "id": "sg-076020becddce1bc8",
            "ingress": [
              {
                "cidr_blocks": [],
                "description": "",
                "from_port": 443,
                "ipv6_cidr_blocks": [],
                "prefix_list_ids": [],
                "protocol": "tcp",
                "security_groups": [
                  "sg-05abaa9a042966e46"
                ],
                "self": false,
                "to_port": 443
              }
            ],
            "name": "tf-aws-lambda-project-endpoint",
            "name_prefix": "",
            "owner_id": "247625421810",
            "region": "eu-west-3",
            "revoke_rules_on_delete": false,
            "tags": {
              "Admin": "Thomas Tuminaro",
              "ManagedBy": "Terraform",
              "Name": "tf-aws-lambda-project-endpoint",
              "Project": "tf-aws-lambda-project"
            },
            "tags_all": {
              "Admin": "Thomas Tuminaro",
              "ManagedBy": "Terraform",
              "Name": "tf-aws-lambda-project-endpoint",
              "Project": "tf-aws-lambda-project"
            },
            "timeouts": null,
            "vpc_id": "vpc-04912de581d8b992c"
          },
          "sensitive_attributes": [],
          "identity_schema_version": 0,
          "identity": {
            "account_id": "247625421810",
            "id": "sg-076020becddce1bc8",
            "region": "eu-west-3"
          },
          "private": "eyJlMmJmYjczMC1lY2FhLTExZTYtOGY4OC0zNDM2M2JjN2M0YzAiOnsiY3JlYXRlIjo2MDAwMDAwMDAwMDAsImRlbGV0ZSI6OTAwMDAwMDAwMDAwfSwic2NoZW1hX3ZlcnNpb24iOiIxIn0=",
          "dependencies": [
            "aws_vpc.vpc"
          ]
        }
      ]
    },
    {
      "mode": "managed",
      "type": "aws_subnet",
      "name": "db",
      "provider": "provider[\"registry.terraform.io/hashicorp/aws\"]",
      "instances": [
        {
          "index_key": "db-1",
          "schema_version": 1,
          "attributes": {
            "arn": "arn:aws:ec2:eu-west-3:247625421810:subnet/subnet-0761ce84923da273e",
            "assign_ipv6_address_on_creation": false,
            "availability_zone": "eu-west-3a",
            "availability_zone_id": "euw3-az1",
            "cidr_block": "10.0.10.0/24",
            "customer_owned_ipv4_pool": "",
            "enable_dns64": false,
            "enable_lni_at_device_index": 0,
            "enable_resource_name_dns_a_record_on_launch": false,
            "enable_resource_name_dns_aaaa_record_on_launch": false,
            "id": "subnet-0761ce84923da273e",
            "ipv4_ipam_pool_id": null,
            "ipv4_netmask_length": null,
            "ipv6_cidr_block": "",
            "ipv6_cidr_block_association_id": "",
            "ipv6_ipam_pool_id": null,
            "ipv6_native": false,
            "ipv6_netmask_length": null,
            "map_customer_owned_ip_on_launch": false,
            "map_public_ip_on_launch": false,
            "outpost_arn": "",
            "owner_id": "247625421810",
            "private_dns_hostname_type_on_launch": "ip-name",
            "region": "eu-west-3",
            "tags": {
              "Admin": "Thomas Tuminaro",
              "ManagedBy": "Terraform",
              "Name": "tf-aws-lambda-project-db-1",
              "Project": "tf-aws-lambda-project"
            },
            "tags_all": {
              "Admin": "Thomas Tuminaro",
              "ManagedBy": "Terraform",
              "Name": "tf-aws-lambda-project-db-1",
              "Project": "tf-aws-lambda-project"
            },
            "timeouts": null,
            "vpc_id": "vpc-04912de581d8b992c"
          },
          "sensitive_attributes": [],
          "identity_schema_version": 0,
          "identity": {
            "account_id": "247625421810",
            "id": "subnet-0761ce84923da273e",
            "region": "eu-west-3"
          },
          "private": "eyJlMmJmYjczMC1lY2FhLTExZTYtOGY4OC0zNDM2M2JjN2M0YzAiOnsiY3JlYXRlIjo2MDAwMDAwMDAwMDAsImRlbGV0ZSI6MTIwMDAwMDAwMDAwMH0sInNjaGVtYV92ZXJzaW9uIjoiMSJ9",
          "dependencies": [
            "aws_vpc.vpc",
            "data.aws_availability_zones.available"
          ]
        },
        {
          "index_key": "db-2",
          "schema_version": 1,
          "attributes": {
            "arn": "arn:aws:ec2:eu-west-3:247625421810:subnet/subnet-0494d7a26c589f3ac",
            "assign_ipv6_address_on_creation": false,
            "availability_zone": "eu-west-3b",
            "availability_zone_id": "euw3-az2",
            "cidr_block": "10.0.11.0/24",
            "customer_owned_ipv4_pool": "",
            "enable_dns64": false,
            "enable_lni_at_device_index": 0,
            "enable_resource_name_dns_a_record_on_launch": false,
            "enable_resource_name_dns_aaaa_record_on_launch": false,
            "id": "subnet-0494d7a26c589f3ac",
            "ipv4_ipam_pool_id": null,
            "ipv4_netmask_length": null,
            "ipv6_cidr_block": "",
            "ipv6_cidr_block_association_id": "",
            "ipv6_ipam_pool_id": null,
            "ipv6_native": false,
            "ipv6_netmask_length": null,
            "map_customer_owned_ip_on_launch": false,
            "map_public_ip_on_launch": false,
            "outpost_arn": "",
            "owner_id": "247625421810",
            "private_dns_hostname_type_on_launch": "ip-name",
            "region": "eu-west-3",
            "tags": {
              "Admin": "Thomas Tuminaro",
              "ManagedBy": "Terraform",
              "Name": "tf-aws-lambda-project-db-2",
              "Project": "tf-aws-lambda-project"
            },
            "tags_all": {
              "Admin": "Thomas Tuminaro",
              "ManagedBy": "Terraform",
              "Name": "tf-aws-lambda-project-db-2",
              "Project": "tf-aws-lambda-project"
            },
            "timeouts": null,
            "vpc_id": "vpc-04912de581d8b992c"
          },
          "sensitive_attributes": [],
          "identity_schema_version": 0,
          "identity": {
            "account_id": "247625421810",
            "id": "subnet-0494d7a26c589f3ac",
            "region": "eu-west-3"
          },
          "private": "eyJlMmJmYjczMC1lY2FhLTExZTYtOGY4OC0zNDM2M2JjN2M0YzAiOnsiY3JlYXRlIjo2MDAwMDAwMDAwMDAsImRlbGV0ZSI6MTIwMDAwMDAwMDAwMH0sInNjaGVtYV92ZXJzaW9uIjoiMSJ9",
          "dependencies": [
            "aws_vpc.vpc",
            "data.aws_availability_zones.available"
          ]
        }
      ]
    },
    {
      "mode": "managed",
      "type": "aws_subnet",
      "name": "lambda",
      "provider": "provider[\"registry.terraform.io/hashicorp/aws\"]",
      "instances": [
        {
          "index_key": "lambda-1",
          "schema_version": 1,
          "attributes": {
            "arn": "arn:aws:ec2:eu-west-3:247625421810:subnet/subnet-0735474e54f0c0704",
            "assign_ipv6_address_on_creation": false,
            "availability_zone": "eu-west-3a",
            "availability_zone_id": "euw3-az1",
            "cidr_block": "10.0.20.0/24",
            "customer_owned_ipv4_pool": "",
            "enable_dns64": false,
            "enable_lni_at_device_index": 0,
            "enable_resource_name_dns_a_record_on_launch": false,
            "enable_resource_name_dns_aaaa_record_on_launch": false,
            "id": "subnet-0735474e54f0c0704",
            "ipv4_ipam_pool_id": null,
            "ipv4_netmask_length": null,
            "ipv6_cidr_block": "",
            "ipv6_cidr_block_association_id": "",
            "ipv6_ipam_pool_id": null,
            "ipv6_native": false,
            "ipv6_netmask_length": null,
            "map_customer_owned_ip_on_launch": false,
            "map_public_ip_on_launch": false,
            "outpost_arn": "",
            "owner_id": "247625421810",
            "private_dns_hostname_type_on_launch": "ip-name",
            "region": "eu-west-3",
            "tags": {
              "Admin": "Thomas Tuminaro",
              "ManagedBy": "Terraform",
              "Name": "tf-aws-lambda-project-lambda-1",
              "Project": "tf-aws-lambda-project"
            },
            "tags_all": {
              "Admin": "Thomas Tuminaro",
              "ManagedBy": "Terraform",
              "Name": "tf-aws-lambda-project-lambda-1",
              "Project": "tf-aws-lambda-project"
            },
            "timeouts": null,
            "vpc_id": "vpc-04912de581d8b992c"
          },
          "sensitive_attributes": [],
          "identity_schema_version": 0,
          "identity": {
            "account_id": "247625421810",
            "id": "subnet-0735474e54f0c0704",
            "region": "eu-west-3"
          },
          "private": "eyJlMmJmYjczMC1lY2FhLTExZTYtOGY4OC0zNDM2M2JjN2M0YzAiOnsiY3JlYXRlIjo2MDAwMDAwMDAwMDAsImRlbGV0ZSI6MTIwMDAwMDAwMDAwMH0sInNjaGVtYV92ZXJzaW9uIjoiMSJ9",
          "dependencies": [
            "aws_vpc.vpc",
            "data.aws_availability_zones.available"
          ]
        },
        {
          "index_key": "lambda-2",
          "schema_version": 1,
          "attributes": {
            "arn": "arn:aws:ec2:eu-west-3:247625421810:subnet/subnet-005697083e41dc1b1",
            "assign_ipv6_address_on_creation": false,
            "availability_zone": "eu-west-3b",
            "availability_zone_id": "euw3-az2",
            "cidr_block": "10.0.21.0/24",
            "customer_owned_ipv4_pool": "",
            "enable_dns64": false,
            "enable_lni_at_device_index": 0,
            "enable_resource_name_dns_a_record_on_launch": false,
            "enable_resource_name_dns_aaaa_record_on_launch": false,
            "id": "subnet-005697083e41dc1b1",
            "ipv4_ipam_pool_id": null,
            "ipv4_netmask_length": null,
            "ipv6_cidr_block": "",
            "ipv6_cidr_block_association_id": "",
            "ipv6_ipam_pool_id": null,
            "ipv6_native": false,
            "ipv6_netmask_length": null,
            "map_customer_owned_ip_on_launch": false,
            "map_public_ip_on_launch": false,
            "outpost_arn": "",
            "owner_id": "247625421810",
            "private_dns_hostname_type_on_launch": "ip-name",
            "region": "eu-west-3",
            "tags": {
              "Admin": "Thomas Tuminaro",
              "ManagedBy": "Terraform",
              "Name": "tf-aws-lambda-project-lambda-2",
              "Project": "tf-aws-lambda-project"
            },
            "tags_all": {
              "Admin": "Thomas Tuminaro",
              "ManagedBy": "Terraform",
              "Name": "tf-aws-lambda-project-lambda-2",
              "Project": "tf-aws-lambda-project"
            },
            "timeouts": null,
            "vpc_id": "vpc-04912de581d8b992c"
          },
          "sensitive_attributes": [],
          "identity_schema_version": 0,
          "identity": {
            "account_id": "247625421810",
            "id": "subnet-005697083e41dc1b1",
            "region": "eu-west-3"
          },
          "private": "eyJlMmJmYjczMC1lY2FhLTExZTYtOGY4OC0zNDM2M2JjN2M0YzAiOnsiY3JlYXRlIjo2MDAwMDAwMDAwMDAsImRlbGV0ZSI6MTIwMDAwMDAwMDAwMH0sInNjaGVtYV92ZXJzaW9uIjoiMSJ9",
          "dependencies": [
            "aws_vpc.vpc",
            "data.aws_availability_zones.available"
          ]
        }
      ]
    },
    {
      "mode": "managed",
      "type": "aws_vpc",
      "name": "vpc",
      "provider": "provider[\"registry.terraform.io/hashicorp/aws\"]",
      "instances": [
        {
          "schema_version": 1,
          "attributes": {
            "arn": "arn:aws:ec2:eu-west-3:247625421810:vpc/vpc-04912de581d8b992c",
            "assign_generated_ipv6_cidr_block": false,
            "cidr_block": "10.0.0.0/16",
            "default_network_acl_id": "acl-08de2b95e85009220",
            "default_route_table_id": "rtb-0ec74afd410bb6ec5",
            "default_security_group_id": "sg-0518bb2099e888ac2",
            "dhcp_options_id": "dopt-0629cebb18b90371d",
            "enable_dns_hostnames": true,
            "enable_dns_support": true,
            "enable_network_address_usage_metrics": false,
            "id": "vpc-04912de581d8b992c",
            "instance_tenancy": "default",
            "ipv4_ipam_pool_id": null,
            "ipv4_netmask_length": null,
            "ipv6_association_id": "",
            "ipv6_cidr_block": "",
            "ipv6_cidr_block_network_border_group": "",
            "ipv6_ipam_pool_id": "",
            "ipv6_netmask_length": 0,
            "main_route_table_id": "rtb-0ec74afd410bb6ec5",
            "owner_id": "247625421810",
            "region": "eu-west-3",
            "tags": {
              "Admin": "Thomas Tuminaro",
              "ManagedBy": "Terraform",
              "Name": "tf-aws-lambda-project-vpc",
              "Project": "tf-aws-lambda-project"
            },
            "tags_all": {
              "Admin": "Thomas Tuminaro",
              "ManagedBy": "Terraform",
              "Name": "tf-aws-lambda-project-vpc",
              "Project": "tf-aws-lambda-project"
            }
          },
          "sensitive_attributes": [],
          "identity_schema_version": 0,
          "identity": {
            "account_id": "247625421810",
            "id": "vpc-04912de581d8b992c",
            "region": "eu-west-3"
          },
          "private": "eyJzY2hlbWFfdmVyc2lvbiI6IjEifQ=="
        }
      ]
    },
    {
      "mode": "managed",
      "type": "aws_vpc_endpoint",
      "name": "secretsmanager",
      "provider": "provider[\"registry.terraform.io/hashicorp/aws\"]",
      "instances": [
        {
          "schema_version": 0,
          "attributes": {
            "arn": "arn:aws:ec2:eu-west-3:247625421810:vpc-endpoint/vpce-0ffb3e3fd55706bfd",
            "auto_accept": null,
            "cidr_blocks": [],
            "dns_entry": [
              {
                "dns_name": "vpce-0ffb3e3fd55706bfd-9hmyhe08.secretsmanager.eu-west-3.vpce.amazonaws.com",
                "hosted_zone_id": "Z1DWHTMFP0WECP"
              },
              {
                "dns_name": "vpce-0ffb3e3fd55706bfd-9hmyhe08-eu-west-3a.secretsmanager.eu-west-3.vpce.amazonaws.com",
                "hosted_zone_id": "Z1DWHTMFP0WECP"
              },
              {
                "dns_name": "vpce-0ffb3e3fd55706bfd-9hmyhe08-eu-west-3b.secretsmanager.eu-west-3.vpce.amazonaws.com",
                "hosted_zone_id": "Z1DWHTMFP0WECP"
              },
              {
                "dns_name": "secretsmanager.eu-west-3.amazonaws.com",
                "hosted_zone_id": "Z030602838ANMQW4QMSMP"
              }
            ],
            "dns_options": [
              {
                "dns_record_ip_type": "ipv4",
                "private_dns_only_for_inbound_resolver_endpoint": false,
                "private_dns_preference": "",
                "private_dns_specified_domains": []
              }
            ],
            "id": "vpce-0ffb3e3fd55706bfd",
            "ip_address_type": "ipv4",
            "network_interface_ids": [
              "eni-03e1f414a23733971",
              "eni-097e5d8beac7cc776"
            ],
            "owner_id": "247625421810",
            "policy": "{\"Statement\":[{\"Action\":\"*\",\"Effect\":\"Allow\",\"Principal\":\"*\",\"Resource\":\"*\"}]}",
            "prefix_list_id": null,
            "private_dns_enabled": true,
            "region": "eu-west-3",
            "requester_managed": false,
            "resource_configuration_arn": "",
            "route_table_ids": [],
            "security_group_ids": [
              "sg-076020becddce1bc8"
            ],
            "service_name": "com.amazonaws.eu-west-3.secretsmanager",
            "service_network_arn": "",
            "service_region": "eu-west-3",
            "state": "available",
            "subnet_configuration": [
              {
                "ipv4": "10.0.20.250",
                "ipv6": "",
                "subnet_id": "subnet-0735474e54f0c0704"
              },
              {
                "ipv4": "10.0.21.144",
                "ipv6": "",
                "subnet_id": "subnet-005697083e41dc1b1"
              }
            ],
            "subnet_ids": [
              "subnet-005697083e41dc1b1",
              "subnet-0735474e54f0c0704"
            ],
            "tags": {},
            "tags_all": {},
            "timeouts": null,
            "vpc_endpoint_type": "Interface",
            "vpc_id": "vpc-04912de581d8b992c"
          },
          "sensitive_attributes": [],
          "identity_schema_version": 0,
          "identity": {
            "account_id": "247625421810",
            "id": "vpce-0ffb3e3fd55706bfd",
            "region": "eu-west-3"
          },
          "private": "eyJlMmJmYjczMC1lY2FhLTExZTYtOGY4OC0zNDM2M2JjN2M0YzAiOnsiY3JlYXRlIjo2MDAwMDAwMDAwMDAsImRlbGV0ZSI6NjAwMDAwMDAwMDAwLCJ1cGRhdGUiOjYwMDAwMDAwMDAwMH19",
          "dependencies": [
            "aws_security_group.vpcendpoint",
            "aws_subnet.lambda",
            "aws_vpc.vpc",
            "data.aws_availability_zones.available"
          ]
        }
      ]
    },
    {
      "mode": "managed",
      "type": "aws_vpc_security_group_egress_rule",
      "name": "allow_sql_from_lambda_to_proxy",
      "provider": "provider[\"registry.terraform.io/hashicorp/aws\"]",
      "instances": [
        {
          "schema_version": 0,
          "attributes": {
            "arn": "arn:aws:ec2:eu-west-3:247625421810:security-group-rule/sgr-001c9fa9786bf80dc",
            "cidr_ipv4": null,
            "cidr_ipv6": null,
            "description": null,
            "from_port": 3306,
            "id": "sgr-001c9fa9786bf80dc",
            "ip_protocol": "tcp",
            "prefix_list_id": null,
            "referenced_security_group_id": "sg-03c567354ab3eb0d0",
            "region": "eu-west-3",
            "security_group_id": "sg-05abaa9a042966e46",
            "security_group_rule_id": "sgr-001c9fa9786bf80dc",
            "tags": null,
            "tags_all": {},
            "to_port": 3306
          },
          "sensitive_attributes": [],
          "identity_schema_version": 0,
          "identity": {
            "account_id": "247625421810",
            "id": "sgr-001c9fa9786bf80dc",
            "region": "eu-west-3"
          },
          "dependencies": [
            "aws_security_group.lambda_proxy",
            "aws_security_group.proxy_lambda",
            "aws_vpc.vpc"
          ]
        }
      ]
    },
    {
      "mode": "managed",
      "type": "aws_vpc_security_group_egress_rule",
      "name": "allow_sql_from_proxy_to_db",
      "provider": "provider[\"registry.terraform.io/hashicorp/aws\"]",
      "instances": [
        {
          "schema_version": 0,
          "attributes": {
            "arn": "arn:aws:ec2:eu-west-3:247625421810:security-group-rule/sgr-038b089c39a1f1ed3",
            "cidr_ipv4": null,
            "cidr_ipv6": null,
            "description": null,
            "from_port": 3306,
            "id": "sgr-038b089c39a1f1ed3",
            "ip_protocol": "tcp",
            "prefix_list_id": null,
            "referenced_security_group_id": "sg-03271b0f47eb90193",
            "region": "eu-west-3",
            "security_group_id": "sg-03c567354ab3eb0d0",
            "security_group_rule_id": "sgr-038b089c39a1f1ed3",
            "tags": null,
            "tags_all": {},
            "to_port": 3306
          },
          "sensitive_attributes": [],
          "identity_schema_version": 0,
          "identity": {
            "account_id": "247625421810",
            "id": "sgr-038b089c39a1f1ed3",
            "region": "eu-west-3"
          },
          "dependencies": [
            "aws_security_group.db_proxy",
            "aws_security_group.proxy_lambda",
            "aws_vpc.vpc"
          ]
        }
      ]
    },
    {
      "mode": "managed",
      "type": "aws_vpc_security_group_egress_rule",
      "name": "allow_traffic_to_endpoint",
      "provider": "provider[\"registry.terraform.io/hashicorp/aws\"]",
      "instances": [
        {
          "schema_version": 0,
          "attributes": {
            "arn": "arn:aws:ec2:eu-west-3:247625421810:security-group-rule/sgr-018838ac7793b0836",
            "cidr_ipv4": null,
            "cidr_ipv6": null,
            "description": null,
            "from_port": 443,
            "id": "sgr-018838ac7793b0836",
            "ip_protocol": "tcp",
            "prefix_list_id": null,
            "referenced_security_group_id": "sg-076020becddce1bc8",
            "region": "eu-west-3",
            "security_group_id": "sg-05abaa9a042966e46",
            "security_group_rule_id": "sgr-018838ac7793b0836",
            "tags": null,
            "tags_all": {},
            "to_port": 443
          },
          "sensitive_attributes": [],
          "identity_schema_version": 0,
          "identity": {
            "account_id": "247625421810",
            "id": "sgr-018838ac7793b0836",
            "region": "eu-west-3"
          },
          "dependencies": [
            "aws_security_group.lambda_proxy",
            "aws_security_group.vpcendpoint",
            "aws_vpc.vpc"
          ]
        }
      ]
    },
    {
      "mode": "managed",
      "type": "aws_vpc_security_group_ingress_rule",
      "name": "allow_sql_from_lambda_to_proxy",
      "provider": "provider[\"registry.terraform.io/hashicorp/aws\"]",
      "instances": [
        {
          "schema_version": 0,
          "attributes": {
            "arn": "arn:aws:ec2:eu-west-3:247625421810:security-group-rule/sgr-0ce0af333bc24416d",
            "cidr_ipv4": null,
            "cidr_ipv6": null,
            "description": null,
            "from_port": 3306,
            "id": "sgr-0ce0af333bc24416d",
            "ip_protocol": "tcp",
            "prefix_list_id": null,
            "referenced_security_group_id": "sg-05abaa9a042966e46",
            "region": "eu-west-3",
            "security_group_id": "sg-03c567354ab3eb0d0",
            "security_group_rule_id": "sgr-0ce0af333bc24416d",
            "tags": null,
            "tags_all": {},
            "to_port": 3306
          },
          "sensitive_attributes": [],
          "identity_schema_version": 0,
          "identity": {
            "account_id": "247625421810",
            "id": "sgr-0ce0af333bc24416d",
            "region": "eu-west-3"
          },
          "dependencies": [
            "aws_security_group.lambda_proxy",
            "aws_security_group.proxy_lambda",
            "aws_vpc.vpc"
          ]
        }
      ]
    },
    {
      "mode": "managed",
      "type": "aws_vpc_security_group_ingress_rule",
      "name": "allow_sql_from_proxy_to_db",
      "provider": "provider[\"registry.terraform.io/hashicorp/aws\"]",
      "instances": [
        {
          "schema_version": 0,
          "attributes": {
            "arn": "arn:aws:ec2:eu-west-3:247625421810:security-group-rule/sgr-063c5c4ecb72b7e71",
            "cidr_ipv4": null,
            "cidr_ipv6": null,
            "description": null,
            "from_port": 3306,
            "id": "sgr-063c5c4ecb72b7e71",
            "ip_protocol": "tcp",
            "prefix_list_id": null,
            "referenced_security_group_id": "sg-03c567354ab3eb0d0",
            "region": "eu-west-3",
            "security_group_id": "sg-03271b0f47eb90193",
            "security_group_rule_id": "sgr-063c5c4ecb72b7e71",
            "tags": null,
            "tags_all": {},
            "to_port": 3306
          },
          "sensitive_attributes": [],
          "identity_schema_version": 0,
          "identity": {
            "account_id": "247625421810",
            "id": "sgr-063c5c4ecb72b7e71",
            "region": "eu-west-3"
          },
          "dependencies": [
            "aws_security_group.db_proxy",
            "aws_security_group.proxy_lambda",
            "aws_vpc.vpc"
          ]
        }
      ]
    },
    {
      "mode": "managed",
      "type": "aws_vpc_security_group_ingress_rule",
      "name": "allow_traffic_from_lambda",
      "provider": "provider[\"registry.terraform.io/hashicorp/aws\"]",
      "instances": [
        {
          "schema_version": 0,
          "attributes": {
            "arn": "arn:aws:ec2:eu-west-3:247625421810:security-group-rule/sgr-079194e545b08b4d4",
            "cidr_ipv4": null,
            "cidr_ipv6": null,
            "description": null,
            "from_port": 443,
            "id": "sgr-079194e545b08b4d4",
            "ip_protocol": "tcp",
            "prefix_list_id": null,
            "referenced_security_group_id": "sg-05abaa9a042966e46",
            "region": "eu-west-3",
            "security_group_id": "sg-076020becddce1bc8",
            "security_group_rule_id": "sgr-079194e545b08b4d4",
            "tags": null,
            "tags_all": {},
            "to_port": 443
          },
          "sensitive_attributes": [],
          "identity_schema_version": 0,
          "identity": {
            "account_id": "247625421810",
            "id": "sgr-079194e545b08b4d4",
            "region": "eu-west-3"
          },
          "dependencies": [
            "aws_security_group.lambda_proxy",
            "aws_security_group.vpcendpoint",
            "aws_vpc.vpc"
          ]
        }
      ]
    }
  ],
  "check_results": [
    {
      "object_kind": "var",
      "config_addr": "var.vpc_db_subnets",
      "status": "pass",
      "objects": [
        {
          "object_addr": "var.vpc_db_subnets",
          "status": "pass"
        }
      ]
    },
    {
      "object_kind": "var",
      "config_addr": "var.vpc_lambda_subnets",
      "status": "pass",
      "objects": [
        {
          "object_addr": "var.vpc_lambda_subnets",
          "status": "pass"
        }
      ]
    },
    {
      "object_kind": "var",
      "config_addr": "var.db_config",
      "status": "pass",
      "objects": [
        {
          "object_addr": "var.db_config",
          "status": "pass"
        }
      ]
    },
    {
      "object_kind": "var",
      "config_addr": "var.lambda_logging",
      "status": "pass",
      "objects": [
        {
          "object_addr": "var.lambda_logging",
          "status": "pass"
        }
      ]
    },
    {
      "object_kind": "var",
      "config_addr": "var.vpc_cidr",
      "status": "pass",
      "objects": [
        {
          "object_addr": "var.vpc_cidr",
          "status": "pass"
        }
      ]
    }
  ]
}
