{
  "version": 4,
  "terraform_version": "1.14.3",
  "serial": 17,
  "lineage": "08384cce-c44d-f4ef-a927-b0058126f262",
  "outputs": {
    "test": {
      "value": {
        "arn": "arn:aws:secretsmanager:eu-west-3:247625421810:secret:rds!db-2168b905-07d0-4870-b4c1-ce5db0c989c3-9TQgUh",
        "created_date": "2026-02-27T13:36:27Z",
        "id": "arn:aws:secretsmanager:eu-west-3:247625421810:secret:rds!db-2168b905-07d0-4870-b4c1-ce5db0c989c3-9TQgUh|AWSCURRENT",
        "region": "eu-west-3",
        "secret_binary": "",
        "secret_id": "arn:aws:secretsmanager:eu-west-3:247625421810:secret:rds!db-2168b905-07d0-4870-b4c1-ce5db0c989c3-9TQgUh",
        "secret_string": "{\"username\":\"admin\",\"password\":\"dvLK1*h-?X#]bgK.kgupDex2UOC]\"}",
        "version_id": "f6212005-dc4c-436b-af5a-01e3221c0587",
        "version_stage": "AWSCURRENT",
        "version_stages": [
          "AWSCURRENT"
        ]
      },
      "type": [
        "object",
        {
          "arn": "string",
          "created_date": "string",
          "id": "string",
          "region": "string",
          "secret_binary": "string",
          "secret_id": "string",
          "secret_string": "string",
          "version_id": "string",
          "version_stage": "string",
          "version_stages": [
            "set",
            "string"
          ]
        }
      ],
      "sensitive": true
    }
  },
  "resources": [
    {
      "mode": "data",
      "type": "aws_availability_zones",
      "name": "available",
      "provider": "provider[\"registry.terraform.io/hashicorp/aws\"]",
      "instances": [
        {
          "schema_version": 0,
          "attributes": {
            "all_availability_zones": null,
            "exclude_names": null,
            "exclude_zone_ids": null,
            "filter": null,
            "group_names": [
              "eu-west-3-zg-1"
            ],
            "id": "eu-west-3",
            "names": [
              "eu-west-3a",
              "eu-west-3b",
              "eu-west-3c"
            ],
            "region": "eu-west-3",
            "state": "available",
            "timeouts": null,
            "zone_ids": [
              "euw3-az1",
              "euw3-az2",
              "euw3-az3"
            ]
          },
          "sensitive_attributes": [],
          "identity_schema_version": 0
        }
      ]
    },
    {
      "mode": "data",
      "type": "aws_secretsmanager_secret_version",
      "name": "db",
      "provider": "provider[\"registry.terraform.io/hashicorp/aws\"]",
      "instances": [
        {
          "schema_version": 0,
          "attributes": {
            "arn": "arn:aws:secretsmanager:eu-west-3:247625421810:secret:rds!db-2168b905-07d0-4870-b4c1-ce5db0c989c3-9TQgUh",
            "created_date": "2026-02-27T13:36:27Z",
            "id": "arn:aws:secretsmanager:eu-west-3:247625421810:secret:rds!db-2168b905-07d0-4870-b4c1-ce5db0c989c3-9TQgUh|AWSCURRENT",
            "region": "eu-west-3",
            "secret_binary": "",
            "secret_id": "arn:aws:secretsmanager:eu-west-3:247625421810:secret:rds!db-2168b905-07d0-4870-b4c1-ce5db0c989c3-9TQgUh",
            "secret_string": "{\"username\":\"admin\",\"password\":\"dvLK1*h-?X#]bgK.kgupDex2UOC]\"}",
            "version_id": "f6212005-dc4c-436b-af5a-01e3221c0587",
            "version_stage": "AWSCURRENT",
            "version_stages": [
              "AWSCURRENT"
            ]
          },
          "sensitive_attributes": [
            [
              {
                "type": "get_attr",
                "value": "secret_binary"
              }
            ],
            [
              {
                "type": "get_attr",
                "value": "secret_string"
              }
            ]
          ],
          "identity_schema_version": 0
        }
      ]
    },
    {
      "mode": "managed",
      "type": "aws_db_instance",
      "name": "db",
      "provider": "provider[\"registry.terraform.io/hashicorp/aws\"]",
      "instances": [
        {
          "schema_version": 2,
          "attributes": {
            "address": "terraform-20260227133406773800000001.cqedc7azcz8o.eu-west-3.rds.amazonaws.com",
            "allocated_storage": 10,
            "allow_major_version_upgrade": null,
            "apply_immediately": false,
            "arn": "arn:aws:rds:eu-west-3:247625421810:db:terraform-20260227133406773800000001",
            "auto_minor_version_upgrade": true,
            "availability_zone": "eu-west-3c",
            "backup_retention_period": 0,
            "backup_target": "region",
            "backup_window": "13:41-14:11",
            "blue_green_update": [],
            "ca_cert_identifier": "rds-ca-rsa2048-g1",
            "character_set_name": "",
            "copy_tags_to_snapshot": false,
            "custom_iam_instance_profile": "",
            "customer_owned_ip_enabled": false,
            "database_insights_mode": "standard",
            "db_name": "db",
            "db_subnet_group_name": "default",
            "dedicated_log_volume": false,
            "delete_automated_backups": true,
            "deletion_protection": false,
            "domain": "",
            "domain_auth_secret_arn": "",
            "domain_dns_ips": [],
            "domain_fqdn": "",
            "domain_iam_role_name": "",
            "domain_ou": "",
            "enabled_cloudwatch_logs_exports": [],
            "endpoint": "terraform-20260227133406773800000001.cqedc7azcz8o.eu-west-3.rds.amazonaws.com:3306",
            "engine": "mysql",
            "engine_lifecycle_support": "open-source-rds-extended-support",
            "engine_version": "8.4.7",
            "engine_version_actual": "8.4.7",
            "final_snapshot_identifier": null,
            "hosted_zone_id": "ZMESEXB7ZGGQ3",
            "iam_database_authentication_enabled": false,
            "id": "db-6QWR5JDPHJTGV5EKBGPPDWNLXA",
            "identifier": "terraform-20260227133406773800000001",
            "identifier_prefix": "terraform-",
            "instance_class": "db.t4g.micro",
            "iops": 0,
            "kms_key_id": "",
            "latest_restorable_time": "",
            "license_model": "general-public-license",
            "listener_endpoint": [],
            "maintenance_window": "wed:04:38-wed:05:08",
            "manage_master_user_password": true,
            "master_user_secret": [
              {
                "kms_key_id": "arn:aws:kms:eu-west-3:247625421810:key/f6b2133e-b2f9-4244-ad26-135b4ec29ce6",
                "secret_arn": "arn:aws:secretsmanager:eu-west-3:247625421810:secret:rds!db-2168b905-07d0-4870-b4c1-ce5db0c989c3-9TQgUh",
                "secret_status": "active"
              }
            ],
            "master_user_secret_kms_key_id": null,
            "max_allocated_storage": 0,
            "monitoring_interval": 0,
            "monitoring_role_arn": "",
            "multi_az": false,
            "nchar_character_set_name": "",
            "network_type": "IPV4",
            "option_group_name": "default:mysql-8-4",
            "parameter_group_name": "default.mysql8.4",
            "password": null,
            "password_wo": null,
            "password_wo_version": null,
            "performance_insights_enabled": false,
            "performance_insights_kms_key_id": "",
            "performance_insights_retention_period": 0,
            "port": 3306,
            "publicly_accessible": false,
            "region": "eu-west-3",
            "replica_mode": "",
            "replicas": [],
            "replicate_source_db": "",
            "resource_id": "db-6QWR5JDPHJTGV5EKBGPPDWNLXA",
            "restore_to_point_in_time": [],
            "s3_import": [],
            "skip_final_snapshot": true,
            "snapshot_identifier": null,
            "status": "available",
            "storage_encrypted": false,
            "storage_throughput": 0,
            "storage_type": "gp2",
            "tags": {},
            "tags_all": {},
            "timeouts": null,
            "timezone": "",
            "upgrade_rollout_order": "second",
            "upgrade_storage_config": null,
            "username": "admin",
            "vpc_security_group_ids": [
              "sg-0b9140fc7a8f4152d"
            ]
          },
          "sensitive_attributes": [
            [
              {
                "type": "get_attr",
                "value": "password"
              }
            ],
            [
              {
                "type": "get_attr",
                "value": "password_wo"
              }
            ]
          ],
          "identity_schema_version": 0,
          "private": "eyJlMmJmYjczMC1lY2FhLTExZTYtOGY4OC0zNDM2M2JjN2M0YzAiOnsiY3JlYXRlIjozMDAwMDAwMDAwMDAwLCJkZWxldGUiOjM2MDAwMDAwMDAwMDAsInVwZGF0ZSI6NDgwMDAwMDAwMDAwMH0sInNjaGVtYV92ZXJzaW9uIjoiMiJ9"
        }
      ]
    },
    {
      "mode": "managed",
      "type": "aws_security_group",
      "name": "db_proxy",
      "provider": "provider[\"registry.terraform.io/hashicorp/aws\"]",
      "instances": [
        {
          "schema_version": 1,
          "attributes": {
            "arn": "arn:aws:ec2:eu-west-3:247625421810:security-group/sg-0af64d09624d9a2d3",
            "description": "Security group to manage connections on RDS DB, only to allow the connections from RDS proxy.",
            "egress": [],
            "id": "sg-0af64d09624d9a2d3",
            "ingress": [
              {
                "cidr_blocks": [],
                "description": "",
                "from_port": 3306,
                "ipv6_cidr_blocks": [],
                "prefix_list_ids": [],
                "protocol": "tcp",
                "security_groups": [
                  "sg-0cfa16e312ef5c50e"
                ],
                "self": false,
                "to_port": 3306
              }
            ],
            "name": "tf-aws-lambda-project-db-proxy",
            "name_prefix": "",
            "owner_id": "247625421810",
            "region": "eu-west-3",
            "revoke_rules_on_delete": false,
            "tags": {
              "Admin": "Thomas Tuminaro",
              "ManagedBy": "Terraform",
              "Name": "tf-aws-lambda-project-db-proxy",
              "Project": "tf-aws-lambda-project"
            },
            "tags_all": {
              "Admin": "Thomas Tuminaro",
              "ManagedBy": "Terraform",
              "Name": "tf-aws-lambda-project-db-proxy",
              "Project": "tf-aws-lambda-project"
            },
            "timeouts": null,
            "vpc_id": "vpc-0aa1ea4b00db38630"
          },
          "sensitive_attributes": [],
          "identity_schema_version": 0,
          "identity": {
            "account_id": "247625421810",
            "id": "sg-0af64d09624d9a2d3",
            "region": "eu-west-3"
          },
          "private": "eyJlMmJmYjczMC1lY2FhLTExZTYtOGY4OC0zNDM2M2JjN2M0YzAiOnsiY3JlYXRlIjo2MDAwMDAwMDAwMDAsImRlbGV0ZSI6OTAwMDAwMDAwMDAwfSwic2NoZW1hX3ZlcnNpb24iOiIxIn0=",
          "dependencies": [
            "aws_vpc.vpc"
          ]
        }
      ]
    },
    {
      "mode": "managed",
      "type": "aws_security_group",
      "name": "lambda_proxy",
      "provider": "provider[\"registry.terraform.io/hashicorp/aws\"]",
      "instances": [
        {
          "schema_version": 1,
          "attributes": {
            "arn": "arn:aws:ec2:eu-west-3:247625421810:security-group/sg-07a9b9dc5c5710101",
            "description": "Security group to manage connections between Lambda function and RDS proxy.",
            "egress": [
              {
                "cidr_blocks": [],
                "description": "",
                "from_port": 3306,
                "ipv6_cidr_blocks": [],
                "prefix_list_ids": [],
                "protocol": "tcp",
                "security_groups": [
                  "sg-0cfa16e312ef5c50e"
                ],
                "self": false,
                "to_port": 3306
              }
            ],
            "id": "sg-07a9b9dc5c5710101",
            "ingress": [],
            "name": "tf-aws-lambda-project-lambda-proxy",
            "name_prefix": "",
            "owner_id": "247625421810",
            "region": "eu-west-3",
            "revoke_rules_on_delete": false,
            "tags": {
              "Admin": "Thomas Tuminaro",
              "ManagedBy": "Terraform",
              "Name": "tf-aws-lambda-project-lambda-proxy",
              "Project": "tf-aws-lambda-project"
            },
            "tags_all": {
              "Admin": "Thomas Tuminaro",
              "ManagedBy": "Terraform",
              "Name": "tf-aws-lambda-project-lambda-proxy",
              "Project": "tf-aws-lambda-project"
            },
            "timeouts": null,
            "vpc_id": "vpc-0aa1ea4b00db38630"
          },
          "sensitive_attributes": [],
          "identity_schema_version": 0,
          "identity": {
            "account_id": "247625421810",
            "id": "sg-07a9b9dc5c5710101",
            "region": "eu-west-3"
          },
          "private": "eyJlMmJmYjczMC1lY2FhLTExZTYtOGY4OC0zNDM2M2JjN2M0YzAiOnsiY3JlYXRlIjo2MDAwMDAwMDAwMDAsImRlbGV0ZSI6OTAwMDAwMDAwMDAwfSwic2NoZW1hX3ZlcnNpb24iOiIxIn0=",
          "dependencies": [
            "aws_vpc.vpc"
          ]
        }
      ]
    },
    {
      "mode": "managed",
      "type": "aws_security_group",
      "name": "proxy_lambda",
      "provider": "provider[\"registry.terraform.io/hashicorp/aws\"]",
      "instances": [
        {
          "schema_version": 1,
          "attributes": {
            "arn": "arn:aws:ec2:eu-west-3:247625421810:security-group/sg-0cfa16e312ef5c50e",
            "description": "Security group to manage connections of RDS proxy, to Lambda and RDS db.",
            "egress": [
              {
                "cidr_blocks": [],
                "description": "",
                "from_port": 3306,
                "ipv6_cidr_blocks": [],
                "prefix_list_ids": [],
                "protocol": "tcp",
                "security_groups": [
                  "sg-0af64d09624d9a2d3"
                ],
                "self": false,
                "to_port": 3306
              }
            ],
            "id": "sg-0cfa16e312ef5c50e",
            "ingress": [
              {
                "cidr_blocks": [],
                "description": "",
                "from_port": 3306,
                "ipv6_cidr_blocks": [],
                "prefix_list_ids": [],
                "protocol": "tcp",
                "security_groups": [
                  "sg-07a9b9dc5c5710101"
                ],
                "self": false,
                "to_port": 3306
              }
            ],
            "name": "tf-aws-lambda-project-proxy-lambda",
            "name_prefix": "",
            "owner_id": "247625421810",
            "region": "eu-west-3",
            "revoke_rules_on_delete": false,
            "tags": {
              "Admin": "Thomas Tuminaro",
              "ManagedBy": "Terraform",
              "Name": "tf-aws-lambda-project-proxy-lambda",
              "Project": "tf-aws-lambda-project"
            },
            "tags_all": {
              "Admin": "Thomas Tuminaro",
              "ManagedBy": "Terraform",
              "Name": "tf-aws-lambda-project-proxy-lambda",
              "Project": "tf-aws-lambda-project"
            },
            "timeouts": null,
            "vpc_id": "vpc-0aa1ea4b00db38630"
          },
          "sensitive_attributes": [],
          "identity_schema_version": 0,
          "identity": {
            "account_id": "247625421810",
            "id": "sg-0cfa16e312ef5c50e",
            "region": "eu-west-3"
          },
          "private": "eyJlMmJmYjczMC1lY2FhLTExZTYtOGY4OC0zNDM2M2JjN2M0YzAiOnsiY3JlYXRlIjo2MDAwMDAwMDAwMDAsImRlbGV0ZSI6OTAwMDAwMDAwMDAwfSwic2NoZW1hX3ZlcnNpb24iOiIxIn0=",
          "dependencies": [
            "aws_vpc.vpc"
          ]
        }
      ]
    },
    {
      "mode": "managed",
      "type": "aws_subnet",
      "name": "db",
      "provider": "provider[\"registry.terraform.io/hashicorp/aws\"]",
      "instances": [
        {
          "index_key": "db-1",
          "schema_version": 1,
          "attributes": {
            "arn": "arn:aws:ec2:eu-west-3:247625421810:subnet/subnet-066aef64e9a51bea3",
            "assign_ipv6_address_on_creation": false,
            "availability_zone": "eu-west-3a",
            "availability_zone_id": "euw3-az1",
            "cidr_block": "10.0.10.0/24",
            "customer_owned_ipv4_pool": "",
            "enable_dns64": false,
            "enable_lni_at_device_index": 0,
            "enable_resource_name_dns_a_record_on_launch": false,
            "enable_resource_name_dns_aaaa_record_on_launch": false,
            "id": "subnet-066aef64e9a51bea3",
            "ipv4_ipam_pool_id": null,
            "ipv4_netmask_length": null,
            "ipv6_cidr_block": "",
            "ipv6_cidr_block_association_id": "",
            "ipv6_ipam_pool_id": null,
            "ipv6_native": false,
            "ipv6_netmask_length": null,
            "map_customer_owned_ip_on_launch": false,
            "map_public_ip_on_launch": false,
            "outpost_arn": "",
            "owner_id": "247625421810",
            "private_dns_hostname_type_on_launch": "ip-name",
            "region": "eu-west-3",
            "tags": {
              "Admin": "Thomas Tuminaro",
              "ManagedBy": "Terraform",
              "Name": "tf-aws-lambda-project-db-1",
              "Project": "tf-aws-lambda-project"
            },
            "tags_all": {
              "Admin": "Thomas Tuminaro",
              "ManagedBy": "Terraform",
              "Name": "tf-aws-lambda-project-db-1",
              "Project": "tf-aws-lambda-project"
            },
            "timeouts": null,
            "vpc_id": "vpc-0aa1ea4b00db38630"
          },
          "sensitive_attributes": [],
          "identity_schema_version": 0,
          "identity": {
            "account_id": "247625421810",
            "id": "subnet-066aef64e9a51bea3",
            "region": "eu-west-3"
          },
          "private": "eyJlMmJmYjczMC1lY2FhLTExZTYtOGY4OC0zNDM2M2JjN2M0YzAiOnsiY3JlYXRlIjo2MDAwMDAwMDAwMDAsImRlbGV0ZSI6MTIwMDAwMDAwMDAwMH0sInNjaGVtYV92ZXJzaW9uIjoiMSJ9",
          "dependencies": [
            "aws_vpc.vpc",
            "data.aws_availability_zones.available"
          ]
        },
        {
          "index_key": "db-2",
          "schema_version": 1,
          "attributes": {
            "arn": "arn:aws:ec2:eu-west-3:247625421810:subnet/subnet-0d4c7eb5a3e6d215b",
            "assign_ipv6_address_on_creation": false,
            "availability_zone": "eu-west-3b",
            "availability_zone_id": "euw3-az2",
            "cidr_block": "10.0.11.0/24",
            "customer_owned_ipv4_pool": "",
            "enable_dns64": false,
            "enable_lni_at_device_index": 0,
            "enable_resource_name_dns_a_record_on_launch": false,
            "enable_resource_name_dns_aaaa_record_on_launch": false,
            "id": "subnet-0d4c7eb5a3e6d215b",
            "ipv4_ipam_pool_id": null,
            "ipv4_netmask_length": null,
            "ipv6_cidr_block": "",
            "ipv6_cidr_block_association_id": "",
            "ipv6_ipam_pool_id": null,
            "ipv6_native": false,
            "ipv6_netmask_length": null,
            "map_customer_owned_ip_on_launch": false,
            "map_public_ip_on_launch": false,
            "outpost_arn": "",
            "owner_id": "247625421810",
            "private_dns_hostname_type_on_launch": "ip-name",
            "region": "eu-west-3",
            "tags": {
              "Admin": "Thomas Tuminaro",
              "ManagedBy": "Terraform",
              "Name": "tf-aws-lambda-project-db-2",
              "Project": "tf-aws-lambda-project"
            },
            "tags_all": {
              "Admin": "Thomas Tuminaro",
              "ManagedBy": "Terraform",
              "Name": "tf-aws-lambda-project-db-2",
              "Project": "tf-aws-lambda-project"
            },
            "timeouts": null,
            "vpc_id": "vpc-0aa1ea4b00db38630"
          },
          "sensitive_attributes": [],
          "identity_schema_version": 0,
          "identity": {
            "account_id": "247625421810",
            "id": "subnet-0d4c7eb5a3e6d215b",
            "region": "eu-west-3"
          },
          "private": "eyJlMmJmYjczMC1lY2FhLTExZTYtOGY4OC0zNDM2M2JjN2M0YzAiOnsiY3JlYXRlIjo2MDAwMDAwMDAwMDAsImRlbGV0ZSI6MTIwMDAwMDAwMDAwMH0sInNjaGVtYV92ZXJzaW9uIjoiMSJ9",
          "dependencies": [
            "aws_vpc.vpc",
            "data.aws_availability_zones.available"
          ]
        }
      ]
    },
    {
      "mode": "managed",
      "type": "aws_subnet",
      "name": "lambda",
      "provider": "provider[\"registry.terraform.io/hashicorp/aws\"]",
      "instances": [
        {
          "index_key": "lambda-1",
          "schema_version": 1,
          "attributes": {
            "arn": "arn:aws:ec2:eu-west-3:247625421810:subnet/subnet-02986c2ccb14ded96",
            "assign_ipv6_address_on_creation": false,
            "availability_zone": "eu-west-3a",
            "availability_zone_id": "euw3-az1",
            "cidr_block": "10.0.20.0/24",
            "customer_owned_ipv4_pool": "",
            "enable_dns64": false,
            "enable_lni_at_device_index": 0,
            "enable_resource_name_dns_a_record_on_launch": false,
            "enable_resource_name_dns_aaaa_record_on_launch": false,
            "id": "subnet-02986c2ccb14ded96",
            "ipv4_ipam_pool_id": null,
            "ipv4_netmask_length": null,
            "ipv6_cidr_block": "",
            "ipv6_cidr_block_association_id": "",
            "ipv6_ipam_pool_id": null,
            "ipv6_native": false,
            "ipv6_netmask_length": null,
            "map_customer_owned_ip_on_launch": false,
            "map_public_ip_on_launch": false,
            "outpost_arn": "",
            "owner_id": "247625421810",
            "private_dns_hostname_type_on_launch": "ip-name",
            "region": "eu-west-3",
            "tags": {
              "Admin": "Thomas Tuminaro",
              "ManagedBy": "Terraform",
              "Name": "tf-aws-lambda-project-lambda-1",
              "Project": "tf-aws-lambda-project"
            },
            "tags_all": {
              "Admin": "Thomas Tuminaro",
              "ManagedBy": "Terraform",
              "Name": "tf-aws-lambda-project-lambda-1",
              "Project": "tf-aws-lambda-project"
            },
            "timeouts": null,
            "vpc_id": "vpc-0aa1ea4b00db38630"
          },
          "sensitive_attributes": [],
          "identity_schema_version": 0,
          "identity": {
            "account_id": "247625421810",
            "id": "subnet-02986c2ccb14ded96",
            "region": "eu-west-3"
          },
          "private": "eyJlMmJmYjczMC1lY2FhLTExZTYtOGY4OC0zNDM2M2JjN2M0YzAiOnsiY3JlYXRlIjo2MDAwMDAwMDAwMDAsImRlbGV0ZSI6MTIwMDAwMDAwMDAwMH0sInNjaGVtYV92ZXJzaW9uIjoiMSJ9",
          "dependencies": [
            "aws_vpc.vpc",
            "data.aws_availability_zones.available"
          ]
        },
        {
          "index_key": "lambda-2",
          "schema_version": 1,
          "attributes": {
            "arn": "arn:aws:ec2:eu-west-3:247625421810:subnet/subnet-0f6af3b356d33abb2",
            "assign_ipv6_address_on_creation": false,
            "availability_zone": "eu-west-3b",
            "availability_zone_id": "euw3-az2",
            "cidr_block": "10.0.21.0/24",
            "customer_owned_ipv4_pool": "",
            "enable_dns64": false,
            "enable_lni_at_device_index": 0,
            "enable_resource_name_dns_a_record_on_launch": false,
            "enable_resource_name_dns_aaaa_record_on_launch": false,
            "id": "subnet-0f6af3b356d33abb2",
            "ipv4_ipam_pool_id": null,
            "ipv4_netmask_length": null,
            "ipv6_cidr_block": "",
            "ipv6_cidr_block_association_id": "",
            "ipv6_ipam_pool_id": null,
            "ipv6_native": false,
            "ipv6_netmask_length": null,
            "map_customer_owned_ip_on_launch": false,
            "map_public_ip_on_launch": false,
            "outpost_arn": "",
            "owner_id": "247625421810",
            "private_dns_hostname_type_on_launch": "ip-name",
            "region": "eu-west-3",
            "tags": {
              "Admin": "Thomas Tuminaro",
              "ManagedBy": "Terraform",
              "Name": "tf-aws-lambda-project-lambda-2",
              "Project": "tf-aws-lambda-project"
            },
            "tags_all": {
              "Admin": "Thomas Tuminaro",
              "ManagedBy": "Terraform",
              "Name": "tf-aws-lambda-project-lambda-2",
              "Project": "tf-aws-lambda-project"
            },
            "timeouts": null,
            "vpc_id": "vpc-0aa1ea4b00db38630"
          },
          "sensitive_attributes": [],
          "identity_schema_version": 0,
          "identity": {
            "account_id": "247625421810",
            "id": "subnet-0f6af3b356d33abb2",
            "region": "eu-west-3"
          },
          "private": "eyJlMmJmYjczMC1lY2FhLTExZTYtOGY4OC0zNDM2M2JjN2M0YzAiOnsiY3JlYXRlIjo2MDAwMDAwMDAwMDAsImRlbGV0ZSI6MTIwMDAwMDAwMDAwMH0sInNjaGVtYV92ZXJzaW9uIjoiMSJ9",
          "dependencies": [
            "aws_vpc.vpc",
            "data.aws_availability_zones.available"
          ]
        }
      ]
    },
    {
      "mode": "managed",
      "type": "aws_vpc",
      "name": "vpc",
      "provider": "provider[\"registry.terraform.io/hashicorp/aws\"]",
      "instances": [
        {
          "schema_version": 1,
          "attributes": {
            "arn": "arn:aws:ec2:eu-west-3:247625421810:vpc/vpc-0aa1ea4b00db38630",
            "assign_generated_ipv6_cidr_block": false,
            "cidr_block": "10.0.0.0/16",
            "default_network_acl_id": "acl-0c02604366783dbdc",
            "default_route_table_id": "rtb-04b0829fd382e12a7",
            "default_security_group_id": "sg-07fe802ad92ebc200",
            "dhcp_options_id": "dopt-0629cebb18b90371d",
            "enable_dns_hostnames": false,
            "enable_dns_support": true,
            "enable_network_address_usage_metrics": false,
            "id": "vpc-0aa1ea4b00db38630",
            "instance_tenancy": "default",
            "ipv4_ipam_pool_id": null,
            "ipv4_netmask_length": null,
            "ipv6_association_id": "",
            "ipv6_cidr_block": "",
            "ipv6_cidr_block_network_border_group": "",
            "ipv6_ipam_pool_id": "",
            "ipv6_netmask_length": 0,
            "main_route_table_id": "rtb-04b0829fd382e12a7",
            "owner_id": "247625421810",
            "region": "eu-west-3",
            "tags": {
              "Admin": "Thomas Tuminaro",
              "ManagedBy": "Terraform",
              "Name": "tf-aws-lambda-project-vpc",
              "Project": "tf-aws-lambda-project"
            },
            "tags_all": {
              "Admin": "Thomas Tuminaro",
              "ManagedBy": "Terraform",
              "Name": "tf-aws-lambda-project-vpc",
              "Project": "tf-aws-lambda-project"
            }
          },
          "sensitive_attributes": [],
          "identity_schema_version": 0,
          "identity": {
            "account_id": "247625421810",
            "id": "vpc-0aa1ea4b00db38630",
            "region": "eu-west-3"
          },
          "private": "eyJzY2hlbWFfdmVyc2lvbiI6IjEifQ=="
        }
      ]
    },
    {
      "mode": "managed",
      "type": "aws_vpc_security_group_egress_rule",
      "name": "allow_sql_from_lambda_to_proxy",
      "provider": "provider[\"registry.terraform.io/hashicorp/aws\"]",
      "instances": [
        {
          "schema_version": 0,
          "attributes": {
            "arn": "arn:aws:ec2:eu-west-3:247625421810:security-group-rule/sgr-02906a9fdde899df1",
            "cidr_ipv4": null,
            "cidr_ipv6": null,
            "description": null,
            "from_port": 3306,
            "id": "sgr-02906a9fdde899df1",
            "ip_protocol": "tcp",
            "prefix_list_id": null,
            "referenced_security_group_id": "sg-0cfa16e312ef5c50e",
            "region": "eu-west-3",
            "security_group_id": "sg-07a9b9dc5c5710101",
            "security_group_rule_id": "sgr-02906a9fdde899df1",
            "tags": null,
            "tags_all": {},
            "to_port": 3306
          },
          "sensitive_attributes": [],
          "identity_schema_version": 0,
          "identity": {
            "account_id": "247625421810",
            "id": "sgr-02906a9fdde899df1",
            "region": "eu-west-3"
          },
          "dependencies": [
            "aws_security_group.lambda_proxy",
            "aws_security_group.proxy_lambda",
            "aws_vpc.vpc"
          ]
        }
      ]
    },
    {
      "mode": "managed",
      "type": "aws_vpc_security_group_egress_rule",
      "name": "allow_sql_from_proxy_to_db",
      "provider": "provider[\"registry.terraform.io/hashicorp/aws\"]",
      "instances": [
        {
          "schema_version": 0,
          "attributes": {
            "arn": "arn:aws:ec2:eu-west-3:247625421810:security-group-rule/sgr-05e993f1e2329fedb",
            "cidr_ipv4": null,
            "cidr_ipv6": null,
            "description": null,
            "from_port": 3306,
            "id": "sgr-05e993f1e2329fedb",
            "ip_protocol": "tcp",
            "prefix_list_id": null,
            "referenced_security_group_id": "sg-0af64d09624d9a2d3",
            "region": "eu-west-3",
            "security_group_id": "sg-0cfa16e312ef5c50e",
            "security_group_rule_id": "sgr-05e993f1e2329fedb",
            "tags": null,
            "tags_all": {},
            "to_port": 3306
          },
          "sensitive_attributes": [],
          "identity_schema_version": 0,
          "identity": {
            "account_id": "247625421810",
            "id": "sgr-05e993f1e2329fedb",
            "region": "eu-west-3"
          },
          "dependencies": [
            "aws_security_group.db_proxy",
            "aws_security_group.proxy_lambda",
            "aws_vpc.vpc"
          ]
        }
      ]
    },
    {
      "mode": "managed",
      "type": "aws_vpc_security_group_ingress_rule",
      "name": "allow_sql_from_lambda_to_proxy",
      "provider": "provider[\"registry.terraform.io/hashicorp/aws\"]",
      "instances": [
        {
          "schema_version": 0,
          "attributes": {
            "arn": "arn:aws:ec2:eu-west-3:247625421810:security-group-rule/sgr-097cd44f767d522eb",
            "cidr_ipv4": null,
            "cidr_ipv6": null,
            "description": null,
            "from_port": 3306,
            "id": "sgr-097cd44f767d522eb",
            "ip_protocol": "tcp",
            "prefix_list_id": null,
            "referenced_security_group_id": "sg-07a9b9dc5c5710101",
            "region": "eu-west-3",
            "security_group_id": "sg-0cfa16e312ef5c50e",
            "security_group_rule_id": "sgr-097cd44f767d522eb",
            "tags": null,
            "tags_all": {},
            "to_port": 3306
          },
          "sensitive_attributes": [],
          "identity_schema_version": 0,
          "identity": {
            "account_id": "247625421810",
            "id": "sgr-097cd44f767d522eb",
            "region": "eu-west-3"
          },
          "dependencies": [
            "aws_security_group.lambda_proxy",
            "aws_security_group.proxy_lambda",
            "aws_vpc.vpc"
          ]
        }
      ]
    },
    {
      "mode": "managed",
      "type": "aws_vpc_security_group_ingress_rule",
      "name": "allow_sql_from_proxy_to_db",
      "provider": "provider[\"registry.terraform.io/hashicorp/aws\"]",
      "instances": [
        {
          "schema_version": 0,
          "attributes": {
            "arn": "arn:aws:ec2:eu-west-3:247625421810:security-group-rule/sgr-0b3738c35281b6a61",
            "cidr_ipv4": null,
            "cidr_ipv6": null,
            "description": null,
            "from_port": 3306,
            "id": "sgr-0b3738c35281b6a61",
            "ip_protocol": "tcp",
            "prefix_list_id": null,
            "referenced_security_group_id": "sg-0cfa16e312ef5c50e",
            "region": "eu-west-3",
            "security_group_id": "sg-0af64d09624d9a2d3",
            "security_group_rule_id": "sgr-0b3738c35281b6a61",
            "tags": null,
            "tags_all": {},
            "to_port": 3306
          },
          "sensitive_attributes": [],
          "identity_schema_version": 0,
          "identity": {
            "account_id": "247625421810",
            "id": "sgr-0b3738c35281b6a61",
            "region": "eu-west-3"
          },
          "dependencies": [
            "aws_security_group.db_proxy",
            "aws_security_group.proxy_lambda",
            "aws_vpc.vpc"
          ]
        }
      ]
    }
  ],
  "check_results": [
    {
      "object_kind": "var",
      "config_addr": "var.db_config",
      "status": "pass",
      "objects": [
        {
          "object_addr": "var.db_config",
          "status": "pass"
        }
      ]
    },
    {
      "object_kind": "var",
      "config_addr": "var.vpc_cidr",
      "status": "pass",
      "objects": [
        {
          "object_addr": "var.vpc_cidr",
          "status": "pass"
        }
      ]
    },
    {
      "object_kind": "var",
      "config_addr": "var.vpc_db_subnets",
      "status": "pass",
      "objects": [
        {
          "object_addr": "var.vpc_db_subnets",
          "status": "pass"
        }
      ]
    },
    {
      "object_kind": "var",
      "config_addr": "var.vpc_lambda_subnets",
      "status": "pass",
      "objects": [
        {
          "object_addr": "var.vpc_lambda_subnets",
          "status": "pass"
        }
      ]
    }
  ]
}
