{
  "version": 4,
  "terraform_version": "1.14.3",
  "serial": 614,
  "lineage": "08384cce-c44d-f4ef-a927-b0058126f262",
  "outputs": {},
  "resources": [
    {
      "mode": "data",
      "type": "archive_file",
      "name": "lambda",
      "provider": "provider[\"registry.terraform.io/hashicorp/archive\"]",
      "instances": [
        {
          "schema_version": 0,
          "attributes": {
            "exclude_symlink_directories": null,
            "excludes": null,
            "id": "77d23d71622f6a8f7a56faae92d58c675b3b540b",
            "output_base64sha256": "yKrHBdklY1QbWgP/bNVbaln91RXC/xTxKjtenGwoozQ=",
            "output_base64sha512": "Vzl/RcIv+DVxwYsw6GZ4X3Au4F1LFa65JJZzPCNBSdkyuX2CH8br84yHyyYp7OUZUglXOJTBcaVPN8sTKbBdiw==",
            "output_file_mode": null,
            "output_md5": "2ddcac477e23334d3cec197a6b177ee7",
            "output_path": "../src/function.zip",
            "output_sha": "77d23d71622f6a8f7a56faae92d58c675b3b540b",
            "output_sha256": "c8aac705d92563541b5a03ff6cd55b6a59fdd515c2ff14f12a3b5e9c6c28a334",
            "output_sha512": "57397f45c22ff83571c18b30e866785f702ee05d4b15aeb92496733c234149d932b97d821fc6ebf38c87cb2629ece5195209573894c171a54f37cb1329b05d8b",
            "output_size": 108628,
            "source": [],
            "source_content": null,
            "source_content_filename": null,
            "source_dir": "../src/",
            "source_file": null,
            "type": "zip"
          },
          "sensitive_attributes": [],
          "identity_schema_version": 0
        }
      ]
    },
    {
      "mode": "data",
      "type": "aws_availability_zones",
      "name": "available",
      "provider": "provider[\"registry.terraform.io/hashicorp/aws\"]",
      "instances": [
        {
          "schema_version": 0,
          "attributes": {
            "all_availability_zones": null,
            "exclude_names": null,
            "exclude_zone_ids": null,
            "filter": null,
            "group_names": [
              "eu-west-3-zg-1"
            ],
            "id": "eu-west-3",
            "names": [
              "eu-west-3a",
              "eu-west-3b",
              "eu-west-3c"
            ],
            "region": "eu-west-3",
            "state": "available",
            "timeouts": null,
            "zone_ids": [
              "euw3-az1",
              "euw3-az2",
              "euw3-az3"
            ]
          },
          "sensitive_attributes": [],
          "identity_schema_version": 0
        }
      ]
    },
    {
      "mode": "managed",
      "type": "aws_apigatewayv2_api",
      "name": "main",
      "provider": "provider[\"registry.terraform.io/hashicorp/aws\"]",
      "instances": [
        {
          "schema_version": 0,
          "attributes": {
            "api_endpoint": "https://rbebruqg6l.execute-api.eu-west-3.amazonaws.com",
            "api_key_selection_expression": "$request.header.x-api-key",
            "arn": "arn:aws:apigateway:eu-west-3::/apis/rbebruqg6l",
            "body": null,
            "cors_configuration": [],
            "credentials_arn": null,
            "description": "Will manage connections to Lambda function.",
            "disable_execute_api_endpoint": false,
            "execution_arn": "arn:aws:execute-api:eu-west-3:247625421810:rbebruqg6l",
            "fail_on_warnings": null,
            "id": "rbebruqg6l",
            "ip_address_type": "ipv4",
            "name": "tf-aws-lambda-project-apigw",
            "protocol_type": "HTTP",
            "region": "eu-west-3",
            "route_key": null,
            "route_selection_expression": "$request.method $request.path",
            "tags": {},
            "tags_all": {},
            "target": null,
            "version": ""
          },
          "sensitive_attributes": [],
          "identity_schema_version": 0,
          "private": "bnVsbA=="
        }
      ]
    },
    {
      "mode": "managed",
      "type": "aws_apigatewayv2_integration",
      "name": "lambda",
      "provider": "provider[\"registry.terraform.io/hashicorp/aws\"]",
      "instances": [
        {
          "schema_version": 0,
          "attributes": {
            "api_id": "rbebruqg6l",
            "connection_id": "",
            "connection_type": "INTERNET",
            "content_handling_strategy": "",
            "credentials_arn": "",
            "description": "Lambda function integration.",
            "id": "ppg7t7i",
            "integration_method": "POST",
            "integration_response_selection_expression": "",
            "integration_subtype": "",
            "integration_type": "AWS_PROXY",
            "integration_uri": "arn:aws:apigateway:eu-west-3:lambda:path/2015-03-31/functions/arn:aws:lambda:eu-west-3:247625421810:function:test/invocations",
            "passthrough_behavior": "",
            "payload_format_version": "2.0",
            "region": "eu-west-3",
            "request_parameters": {},
            "request_templates": {},
            "response_parameters": [],
            "template_selection_expression": "",
            "timeout_milliseconds": 30000,
            "tls_config": []
          },
          "sensitive_attributes": [],
          "identity_schema_version": 0,
          "private": "bnVsbA==",
          "dependencies": [
            "aws_apigatewayv2_api.main",
            "aws_cloudwatch_log_group.lambda",
            "aws_db_instance.db",
            "aws_db_proxy.proxy",
            "aws_db_subnet_group.db",
            "aws_iam_role.lambda",
            "aws_iam_role.proxy",
            "aws_lambda_function.lambda",
            "aws_security_group.db_proxy",
            "aws_security_group.lambda_proxy",
            "aws_security_group.proxy_lambda",
            "aws_subnet.db",
            "aws_subnet.lambda",
            "aws_vpc.vpc",
            "data.archive_file.lambda",
            "data.aws_availability_zones.available"
          ]
        }
      ]
    },
    {
      "mode": "managed",
      "type": "aws_cloudwatch_log_group",
      "name": "lambda",
      "provider": "provider[\"registry.terraform.io/hashicorp/aws\"]",
      "instances": [
        {
          "schema_version": 0,
          "attributes": {
            "arn": "arn:aws:logs:eu-west-3:247625421810:log-group:/aws/lambda/test",
            "deletion_protection_enabled": false,
            "id": "/aws/lambda/test",
            "kms_key_id": "",
            "log_group_class": "STANDARD",
            "name": "/aws/lambda/test",
            "name_prefix": "",
            "region": "eu-west-3",
            "retention_in_days": 1,
            "skip_destroy": false,
            "tags": {
              "Admin": "Thomas Tuminaro",
              "ManagedBy": "Terraform",
              "Project": "tf-aws-lambda-project"
            },
            "tags_all": {
              "Admin": "Thomas Tuminaro",
              "ManagedBy": "Terraform",
              "Project": "tf-aws-lambda-project"
            }
          },
          "sensitive_attributes": [],
          "identity_schema_version": 0,
          "identity": {
            "account_id": "247625421810",
            "name": "/aws/lambda/test",
            "region": "eu-west-3"
          },
          "private": "bnVsbA=="
        }
      ]
    },
    {
      "mode": "managed",
      "type": "aws_db_instance",
      "name": "db",
      "provider": "provider[\"registry.terraform.io/hashicorp/aws\"]",
      "instances": [
        {
          "schema_version": 2,
          "attributes": {
            "address": "terraform-20260317085730910500000002.cqedc7azcz8o.eu-west-3.rds.amazonaws.com",
            "allocated_storage": 10,
            "allow_major_version_upgrade": null,
            "apply_immediately": false,
            "arn": "arn:aws:rds:eu-west-3:247625421810:db:terraform-20260317085730910500000002",
            "auto_minor_version_upgrade": true,
            "availability_zone": "eu-west-3b",
            "backup_retention_period": 0,
            "backup_target": "region",
            "backup_window": "10:37-11:07",
            "blue_green_update": [],
            "ca_cert_identifier": "rds-ca-rsa2048-g1",
            "character_set_name": "",
            "copy_tags_to_snapshot": false,
            "custom_iam_instance_profile": "",
            "customer_owned_ip_enabled": false,
            "database_insights_mode": "standard",
            "db_name": "db_customers",
            "db_subnet_group_name": "tf-aws-lambda-project-db-subnets",
            "dedicated_log_volume": false,
            "delete_automated_backups": true,
            "deletion_protection": false,
            "domain": "",
            "domain_auth_secret_arn": "",
            "domain_dns_ips": [],
            "domain_fqdn": "",
            "domain_iam_role_name": "",
            "domain_ou": "",
            "enabled_cloudwatch_logs_exports": [],
            "endpoint": "terraform-20260317085730910500000002.cqedc7azcz8o.eu-west-3.rds.amazonaws.com:3306",
            "engine": "mysql",
            "engine_lifecycle_support": "open-source-rds-extended-support",
            "engine_version": "8.4.7",
            "engine_version_actual": "8.4.7",
            "final_snapshot_identifier": null,
            "hosted_zone_id": "ZMESEXB7ZGGQ3",
            "iam_database_authentication_enabled": false,
            "id": "db-R7VA7L6U5TYHVUX6ZF7L3EAH7U",
            "identifier": "terraform-20260317085730910500000002",
            "identifier_prefix": "terraform-",
            "instance_class": "db.t4g.micro",
            "iops": 0,
            "kms_key_id": "",
            "latest_restorable_time": "",
            "license_model": "general-public-license",
            "listener_endpoint": [],
            "maintenance_window": "sun:00:52-sun:01:22",
            "manage_master_user_password": true,
            "master_user_secret": [
              {
                "kms_key_id": "arn:aws:kms:eu-west-3:247625421810:key/f6b2133e-b2f9-4244-ad26-135b4ec29ce6",
                "secret_arn": "arn:aws:secretsmanager:eu-west-3:247625421810:secret:rds!db-9e4ec7a3-f64a-438a-833e-11cc5f0764cb-pkUYRp",
                "secret_status": "active"
              }
            ],
            "master_user_secret_kms_key_id": null,
            "max_allocated_storage": 0,
            "monitoring_interval": 0,
            "monitoring_role_arn": "",
            "multi_az": false,
            "nchar_character_set_name": "",
            "network_type": "IPV4",
            "option_group_name": "default:mysql-8-4",
            "parameter_group_name": "default.mysql8.4",
            "password": null,
            "password_wo": null,
            "password_wo_version": null,
            "performance_insights_enabled": false,
            "performance_insights_kms_key_id": "",
            "performance_insights_retention_period": 0,
            "port": 3306,
            "publicly_accessible": false,
            "region": "eu-west-3",
            "replica_mode": "",
            "replicas": [],
            "replicate_source_db": "",
            "resource_id": "db-R7VA7L6U5TYHVUX6ZF7L3EAH7U",
            "restore_to_point_in_time": [],
            "s3_import": [],
            "skip_final_snapshot": true,
            "snapshot_identifier": null,
            "status": "available",
            "storage_encrypted": false,
            "storage_throughput": 0,
            "storage_type": "gp2",
            "tags": {
              "Admin": "Thomas Tuminaro",
              "ManagedBy": "Terraform",
              "Name": "tf-aws-lambda-project-db",
              "Project": "tf-aws-lambda-project"
            },
            "tags_all": {
              "Admin": "Thomas Tuminaro",
              "ManagedBy": "Terraform",
              "Name": "tf-aws-lambda-project-db",
              "Project": "tf-aws-lambda-project"
            },
            "timeouts": null,
            "timezone": "",
            "upgrade_rollout_order": "second",
            "upgrade_storage_config": null,
            "username": "admin",
            "vpc_security_group_ids": [
              "sg-0562414190e2b4485"
            ]
          },
          "sensitive_attributes": [
            [
              {
                "type": "get_attr",
                "value": "password"
              }
            ],
            [
              {
                "type": "get_attr",
                "value": "password_wo"
              }
            ]
          ],
          "identity_schema_version": 0,
          "private": "eyJlMmJmYjczMC1lY2FhLTExZTYtOGY4OC0zNDM2M2JjN2M0YzAiOnsiY3JlYXRlIjozMDAwMDAwMDAwMDAwLCJkZWxldGUiOjM2MDAwMDAwMDAwMDAsInVwZGF0ZSI6NDgwMDAwMDAwMDAwMH0sInNjaGVtYV92ZXJzaW9uIjoiMiJ9",
          "dependencies": [
            "aws_db_subnet_group.db",
            "aws_security_group.db_proxy",
            "aws_subnet.db",
            "aws_vpc.vpc",
            "data.aws_availability_zones.available"
          ]
        }
      ]
    },
    {
      "mode": "managed",
      "type": "aws_db_proxy",
      "name": "proxy",
      "provider": "provider[\"registry.terraform.io/hashicorp/aws\"]",
      "instances": [
        {
          "schema_version": 0,
          "attributes": {
            "arn": "arn:aws:rds:eu-west-3:247625421810:db-proxy:prx-0d0a3187a6a06da79",
            "auth": [
              {
                "auth_scheme": "SECRETS",
                "client_password_auth_type": "MYSQL_CACHING_SHA2_PASSWORD",
                "description": "Proxy authentication configuration.",
                "iam_auth": "DISABLED",
                "secret_arn": "arn:aws:secretsmanager:eu-west-3:247625421810:secret:rds!db-9e4ec7a3-f64a-438a-833e-11cc5f0764cb-pkUYRp",
                "username": ""
              }
            ],
            "debug_logging": false,
            "default_auth_scheme": "NONE",
            "endpoint": "tf-aws-lambda-project-proxy.proxy-cqedc7azcz8o.eu-west-3.rds.amazonaws.com",
            "endpoint_network_type": "IPV4",
            "engine_family": "MYSQL",
            "id": "tf-aws-lambda-project-proxy",
            "idle_client_timeout": 1800,
            "name": "tf-aws-lambda-project-proxy",
            "region": "eu-west-3",
            "require_tls": false,
            "role_arn": "arn:aws:iam::247625421810:role/tf-aws-lambda-project-proxy-secret",
            "tags": {
              "Admin": "Thomas Tuminaro",
              "ManagedBy": "Terraform",
              "Name": "tf-aws-lambda-project-db-proxy",
              "Project": "tf-aws-lambda-project"
            },
            "tags_all": {
              "Admin": "Thomas Tuminaro",
              "ManagedBy": "Terraform",
              "Name": "tf-aws-lambda-project-db-proxy",
              "Project": "tf-aws-lambda-project"
            },
            "target_connection_network_type": "IPV4",
            "timeouts": null,
            "vpc_security_group_ids": [
              "sg-004109ca8b539ee03"
            ],
            "vpc_subnet_ids": [
              "subnet-093a2840d997f200b",
              "subnet-0ebf14d7b87c45064"
            ]
          },
          "sensitive_attributes": [],
          "identity_schema_version": 0,
          "private": "eyJlMmJmYjczMC1lY2FhLTExZTYtOGY4OC0zNDM2M2JjN2M0YzAiOnsiY3JlYXRlIjoxODAwMDAwMDAwMDAwLCJkZWxldGUiOjM2MDAwMDAwMDAwMDAsInVwZGF0ZSI6MTgwMDAwMDAwMDAwMH19",
          "dependencies": [
            "aws_db_instance.db",
            "aws_db_subnet_group.db",
            "aws_iam_role.proxy",
            "aws_security_group.db_proxy",
            "aws_security_group.proxy_lambda",
            "aws_subnet.db",
            "aws_vpc.vpc",
            "data.aws_availability_zones.available"
          ]
        }
      ]
    },
    {
      "mode": "managed",
      "type": "aws_db_subnet_group",
      "name": "db",
      "provider": "provider[\"registry.terraform.io/hashicorp/aws\"]",
      "instances": [
        {
          "schema_version": 0,
          "attributes": {
            "arn": "arn:aws:rds:eu-west-3:247625421810:subgrp:tf-aws-lambda-project-db-subnets",
            "description": "Managed by Terraform",
            "id": "tf-aws-lambda-project-db-subnets",
            "name": "tf-aws-lambda-project-db-subnets",
            "name_prefix": "",
            "region": "eu-west-3",
            "subnet_ids": [
              "subnet-093a2840d997f200b",
              "subnet-0ebf14d7b87c45064"
            ],
            "supported_network_types": [
              "IPV4"
            ],
            "tags": {
              "Admin": "Thomas Tuminaro",
              "ManagedBy": "Terraform",
              "Name": "tf-aws-lambda-project-db-subnets",
              "Project": "tf-aws-lambda-project"
            },
            "tags_all": {
              "Admin": "Thomas Tuminaro",
              "ManagedBy": "Terraform",
              "Name": "tf-aws-lambda-project-db-subnets",
              "Project": "tf-aws-lambda-project"
            },
            "vpc_id": "vpc-0bbe7edd9bebe93ab"
          },
          "sensitive_attributes": [],
          "identity_schema_version": 0,
          "private": "bnVsbA==",
          "dependencies": [
            "aws_subnet.db",
            "aws_vpc.vpc",
            "data.aws_availability_zones.available"
          ]
        }
      ]
    },
    {
      "mode": "managed",
      "type": "aws_iam_role",
      "name": "lambda",
      "provider": "provider[\"registry.terraform.io/hashicorp/aws\"]",
      "instances": [
        {
          "schema_version": 0,
          "attributes": {
            "arn": "arn:aws:iam::247625421810:role/tf-aws-lambda-project-lambda",
            "assume_role_policy": "{\"Statement\":[{\"Action\":\"sts:AssumeRole\",\"Effect\":\"Allow\",\"Principal\":{\"Service\":\"lambda.amazonaws.com\"},\"Sid\":\"\"}],\"Version\":\"2012-10-17\"}",
            "create_date": "2026-03-17T08:57:17Z",
            "description": "",
            "force_detach_policies": false,
            "id": "tf-aws-lambda-project-lambda",
            "inline_policy": [],
            "managed_policy_arns": [
              "arn:aws:iam::247625421810:policy/tf-aws-lambda-project-allow-lambda-cloudwatch",
              "arn:aws:iam::247625421810:policy/tf-aws-lambda-project-allow-lambda-secret",
              "arn:aws:iam::aws:policy/service-role/AWSLambdaVPCAccessExecutionRole"
            ],
            "max_session_duration": 3600,
            "name": "tf-aws-lambda-project-lambda",
            "name_prefix": "",
            "path": "/",
            "permissions_boundary": "",
            "tags": {
              "Admin": "Thomas Tuminaro",
              "ManagedBy": "Terraform",
              "Project": "tf-aws-lambda-project"
            },
            "tags_all": {
              "Admin": "Thomas Tuminaro",
              "ManagedBy": "Terraform",
              "Project": "tf-aws-lambda-project"
            },
            "unique_id": "AROATTJ5ACPZM63BIZ5VF"
          },
          "sensitive_attributes": [],
          "identity_schema_version": 0,
          "identity": {
            "account_id": "247625421810",
            "name": "tf-aws-lambda-project-lambda"
          },
          "private": "bnVsbA=="
        }
      ]
    },
    {
      "mode": "managed",
      "type": "aws_iam_role",
      "name": "proxy",
      "provider": "provider[\"registry.terraform.io/hashicorp/aws\"]",
      "instances": [
        {
          "schema_version": 0,
          "attributes": {
            "arn": "arn:aws:iam::247625421810:role/tf-aws-lambda-project-proxy-secret",
            "assume_role_policy": "{\"Statement\":[{\"Action\":\"sts:AssumeRole\",\"Effect\":\"Allow\",\"Principal\":{\"Service\":\"rds.amazonaws.com\"},\"Sid\":\"\"}],\"Version\":\"2012-10-17\"}",
            "create_date": "2026-03-17T08:57:17Z",
            "description": "",
            "force_detach_policies": false,
            "id": "tf-aws-lambda-project-proxy-secret",
            "inline_policy": [],
            "managed_policy_arns": [
              "arn:aws:iam::247625421810:policy/tf-aws-lambda-project-allow-lambda-secret"
            ],
            "max_session_duration": 3600,
            "name": "tf-aws-lambda-project-proxy-secret",
            "name_prefix": "",
            "path": "/",
            "permissions_boundary": "",
            "tags": {},
            "tags_all": {},
            "unique_id": "AROATTJ5ACPZJTL5WAK4A"
          },
          "sensitive_attributes": [],
          "identity_schema_version": 0,
          "identity": {
            "account_id": "247625421810",
            "name": "tf-aws-lambda-project-proxy-secret"
          },
          "private": "bnVsbA=="
        }
      ]
    },
    {
      "mode": "managed",
      "type": "aws_lambda_function",
      "name": "lambda",
      "provider": "provider[\"registry.terraform.io/hashicorp/aws\"]",
      "instances": [
        {
          "schema_version": 0,
          "attributes": {
            "architectures": [
              "x86_64"
            ],
            "arn": "arn:aws:lambda:eu-west-3:247625421810:function:test",
            "capacity_provider_config": [],
            "code_sha256": "zxA9hTyc1gQcJ0qCRAYna3hOsfI5XcI4w08FTByN4mM=",
            "code_signing_config_arn": "",
            "dead_letter_config": [],
            "description": "",
            "durable_config": [],
            "environment": [
              {
                "variables": {
                  "db_name": "db_customers",
                  "db_secret": "arn:aws:secretsmanager:eu-west-3:247625421810:secret:rds!db-9e4ec7a3-f64a-438a-833e-11cc5f0764cb-pkUYRp",
                  "db_user": "admin",
                  "proxy_endpoint": "tf-aws-lambda-project-proxy.proxy-cqedc7azcz8o.eu-west-3.rds.amazonaws.com"
                }
              }
            ],
            "ephemeral_storage": [
              {
                "size": 512
              }
            ],
            "file_system_config": [],
            "filename": "../src/function.zip",
            "function_name": "test",
            "handler": "main.lambda_handler",
            "id": "test",
            "image_config": [],
            "image_uri": "",
            "invoke_arn": "arn:aws:apigateway:eu-west-3:lambda:path/2015-03-31/functions/arn:aws:lambda:eu-west-3:247625421810:function:test/invocations",
            "kms_key_arn": "",
            "last_modified": "2026-03-17T09:16:02.000+0000",
            "layers": [],
            "logging_config": [
              {
                "application_log_level": "INFO",
                "log_format": "JSON",
                "log_group": "/aws/lambda/test",
                "system_log_level": "INFO"
              }
            ],
            "memory_size": 128,
            "package_type": "Zip",
            "publish": false,
            "publish_to": null,
            "qualified_arn": "arn:aws:lambda:eu-west-3:247625421810:function:test:$LATEST",
            "qualified_invoke_arn": "arn:aws:apigateway:eu-west-3:lambda:path/2015-03-31/functions/arn:aws:lambda:eu-west-3:247625421810:function:test:$LATEST/invocations",
            "region": "eu-west-3",
            "replace_security_groups_on_destroy": null,
            "replacement_security_group_ids": null,
            "reserved_concurrent_executions": -1,
            "response_streaming_invoke_arn": "arn:aws:apigateway:eu-west-3:lambda:path/2021-11-15/functions/arn:aws:lambda:eu-west-3:247625421810:function:test/response-streaming-invocations",
            "role": "arn:aws:iam::247625421810:role/tf-aws-lambda-project-lambda",
            "runtime": "python3.14",
            "s3_bucket": null,
            "s3_key": null,
            "s3_object_version": null,
            "signing_job_arn": "",
            "signing_profile_version_arn": "",
            "skip_destroy": false,
            "snap_start": [],
            "source_code_hash": "",
            "source_code_size": 107893,
            "source_kms_key_arn": "",
            "tags": {},
            "tags_all": {},
            "tenancy_config": [],
            "timeout": 3,
            "timeouts": null,
            "tracing_config": [
              {
                "mode": "PassThrough"
              }
            ],
            "version": "$LATEST",
            "vpc_config": [
              {
                "ipv6_allowed_for_dual_stack": false,
                "security_group_ids": [
                  "sg-05d55ccc102344b3f"
                ],
                "subnet_ids": [
                  "subnet-0081754a6fd90acf4",
                  "subnet-05699524b1c0e5975"
                ],
                "vpc_id": "vpc-0bbe7edd9bebe93ab"
              }
            ]
          },
          "sensitive_attributes": [],
          "identity_schema_version": 0,
          "identity": {
            "account_id": "247625421810",
            "function_name": "test",
            "region": "eu-west-3"
          },
          "private": "eyJlMmJmYjczMC1lY2FhLTExZTYtOGY4OC0zNDM2M2JjN2M0YzAiOnsiY3JlYXRlIjo2MDAwMDAwMDAwMDAsImRlbGV0ZSI6NjAwMDAwMDAwMDAwLCJ1cGRhdGUiOjYwMDAwMDAwMDAwMH19",
          "dependencies": [
            "aws_cloudwatch_log_group.lambda",
            "aws_db_instance.db",
            "aws_db_proxy.proxy",
            "aws_db_subnet_group.db",
            "aws_iam_role.lambda",
            "aws_iam_role.proxy",
            "aws_security_group.db_proxy",
            "aws_security_group.lambda_proxy",
            "aws_security_group.proxy_lambda",
            "aws_subnet.db",
            "aws_subnet.lambda",
            "aws_vpc.vpc",
            "data.archive_file.lambda",
            "data.aws_availability_zones.available"
          ]
        }
      ]
    },
    {
      "mode": "managed",
      "type": "aws_security_group",
      "name": "db_proxy",
      "provider": "provider[\"registry.terraform.io/hashicorp/aws\"]",
      "instances": [
        {
          "schema_version": 1,
          "attributes": {
            "arn": "arn:aws:ec2:eu-west-3:247625421810:security-group/sg-0562414190e2b4485",
            "description": "Security group to manage connections on RDS DB, only to allow the connections from RDS proxy.",
            "egress": [],
            "id": "sg-0562414190e2b4485",
            "ingress": [
              {
                "cidr_blocks": [],
                "description": "",
                "from_port": 3306,
                "ipv6_cidr_blocks": [],
                "prefix_list_ids": [],
                "protocol": "tcp",
                "security_groups": [
                  "sg-004109ca8b539ee03"
                ],
                "self": false,
                "to_port": 3306
              }
            ],
            "name": "tf-aws-lambda-project-db-proxy",
            "name_prefix": "",
            "owner_id": "247625421810",
            "region": "eu-west-3",
            "revoke_rules_on_delete": false,
            "tags": {
              "Admin": "Thomas Tuminaro",
              "ManagedBy": "Terraform",
              "Name": "tf-aws-lambda-project-db-proxy",
              "Project": "tf-aws-lambda-project"
            },
            "tags_all": {
              "Admin": "Thomas Tuminaro",
              "ManagedBy": "Terraform",
              "Name": "tf-aws-lambda-project-db-proxy",
              "Project": "tf-aws-lambda-project"
            },
            "timeouts": null,
            "vpc_id": "vpc-0bbe7edd9bebe93ab"
          },
          "sensitive_attributes": [],
          "identity_schema_version": 0,
          "identity": {
            "account_id": "247625421810",
            "id": "sg-0562414190e2b4485",
            "region": "eu-west-3"
          },
          "private": "eyJlMmJmYjczMC1lY2FhLTExZTYtOGY4OC0zNDM2M2JjN2M0YzAiOnsiY3JlYXRlIjo2MDAwMDAwMDAwMDAsImRlbGV0ZSI6OTAwMDAwMDAwMDAwfSwic2NoZW1hX3ZlcnNpb24iOiIxIn0=",
          "dependencies": [
            "aws_vpc.vpc"
          ]
        }
      ]
    },
    {
      "mode": "managed",
      "type": "aws_security_group",
      "name": "lambda_proxy",
      "provider": "provider[\"registry.terraform.io/hashicorp/aws\"]",
      "instances": [
        {
          "schema_version": 1,
          "attributes": {
            "arn": "arn:aws:ec2:eu-west-3:247625421810:security-group/sg-05d55ccc102344b3f",
            "description": "Security group to manage connections between Lambda function and RDS proxy and to VPC endpoint.",
            "egress": [
              {
                "cidr_blocks": [],
                "description": "",
                "from_port": 3306,
                "ipv6_cidr_blocks": [],
                "prefix_list_ids": [],
                "protocol": "tcp",
                "security_groups": [
                  "sg-004109ca8b539ee03"
                ],
                "self": false,
                "to_port": 3306
              },
              {
                "cidr_blocks": [],
                "description": "",
                "from_port": 443,
                "ipv6_cidr_blocks": [],
                "prefix_list_ids": [],
                "protocol": "tcp",
                "security_groups": [
                  "sg-08203018e8d1ec728"
                ],
                "self": false,
                "to_port": 443
              }
            ],
            "id": "sg-05d55ccc102344b3f",
            "ingress": [],
            "name": "tf-aws-lambda-project-lambda-proxy",
            "name_prefix": "",
            "owner_id": "247625421810",
            "region": "eu-west-3",
            "revoke_rules_on_delete": false,
            "tags": {
              "Admin": "Thomas Tuminaro",
              "ManagedBy": "Terraform",
              "Name": "tf-aws-lambda-project-lambda-proxy",
              "Project": "tf-aws-lambda-project"
            },
            "tags_all": {
              "Admin": "Thomas Tuminaro",
              "ManagedBy": "Terraform",
              "Name": "tf-aws-lambda-project-lambda-proxy",
              "Project": "tf-aws-lambda-project"
            },
            "timeouts": null,
            "vpc_id": "vpc-0bbe7edd9bebe93ab"
          },
          "sensitive_attributes": [],
          "identity_schema_version": 0,
          "identity": {
            "account_id": "247625421810",
            "id": "sg-05d55ccc102344b3f",
            "region": "eu-west-3"
          },
          "private": "eyJlMmJmYjczMC1lY2FhLTExZTYtOGY4OC0zNDM2M2JjN2M0YzAiOnsiY3JlYXRlIjo2MDAwMDAwMDAwMDAsImRlbGV0ZSI6OTAwMDAwMDAwMDAwfSwic2NoZW1hX3ZlcnNpb24iOiIxIn0=",
          "dependencies": [
            "aws_vpc.vpc"
          ]
        }
      ]
    },
    {
      "mode": "managed",
      "type": "aws_security_group",
      "name": "proxy_lambda",
      "provider": "provider[\"registry.terraform.io/hashicorp/aws\"]",
      "instances": [
        {
          "schema_version": 1,
          "attributes": {
            "arn": "arn:aws:ec2:eu-west-3:247625421810:security-group/sg-004109ca8b539ee03",
            "description": "Security group to manage connections of RDS proxy, to Lambda and RDS db.",
            "egress": [
              {
                "cidr_blocks": [],
                "description": "",
                "from_port": 3306,
                "ipv6_cidr_blocks": [],
                "prefix_list_ids": [],
                "protocol": "tcp",
                "security_groups": [
                  "sg-0562414190e2b4485"
                ],
                "self": false,
                "to_port": 3306
              }
            ],
            "id": "sg-004109ca8b539ee03",
            "ingress": [
              {
                "cidr_blocks": [],
                "description": "",
                "from_port": 3306,
                "ipv6_cidr_blocks": [],
                "prefix_list_ids": [],
                "protocol": "tcp",
                "security_groups": [
                  "sg-05d55ccc102344b3f"
                ],
                "self": false,
                "to_port": 3306
              }
            ],
            "name": "tf-aws-lambda-project-proxy-lambda",
            "name_prefix": "",
            "owner_id": "247625421810",
            "region": "eu-west-3",
            "revoke_rules_on_delete": false,
            "tags": {
              "Admin": "Thomas Tuminaro",
              "ManagedBy": "Terraform",
              "Name": "tf-aws-lambda-project-proxy-lambda",
              "Project": "tf-aws-lambda-project"
            },
            "tags_all": {
              "Admin": "Thomas Tuminaro",
              "ManagedBy": "Terraform",
              "Name": "tf-aws-lambda-project-proxy-lambda",
              "Project": "tf-aws-lambda-project"
            },
            "timeouts": null,
            "vpc_id": "vpc-0bbe7edd9bebe93ab"
          },
          "sensitive_attributes": [],
          "identity_schema_version": 0,
          "identity": {
            "account_id": "247625421810",
            "id": "sg-004109ca8b539ee03",
            "region": "eu-west-3"
          },
          "private": "eyJlMmJmYjczMC1lY2FhLTExZTYtOGY4OC0zNDM2M2JjN2M0YzAiOnsiY3JlYXRlIjo2MDAwMDAwMDAwMDAsImRlbGV0ZSI6OTAwMDAwMDAwMDAwfSwic2NoZW1hX3ZlcnNpb24iOiIxIn0=",
          "dependencies": [
            "aws_vpc.vpc"
          ]
        }
      ]
    },
    {
      "mode": "managed",
      "type": "aws_subnet",
      "name": "db",
      "provider": "provider[\"registry.terraform.io/hashicorp/aws\"]",
      "instances": [
        {
          "index_key": "db-1",
          "schema_version": 1,
          "attributes": {
            "arn": "arn:aws:ec2:eu-west-3:247625421810:subnet/subnet-093a2840d997f200b",
            "assign_ipv6_address_on_creation": false,
            "availability_zone": "eu-west-3a",
            "availability_zone_id": "euw3-az1",
            "cidr_block": "10.0.10.0/24",
            "customer_owned_ipv4_pool": "",
            "enable_dns64": false,
            "enable_lni_at_device_index": 0,
            "enable_resource_name_dns_a_record_on_launch": false,
            "enable_resource_name_dns_aaaa_record_on_launch": false,
            "id": "subnet-093a2840d997f200b",
            "ipv4_ipam_pool_id": null,
            "ipv4_netmask_length": null,
            "ipv6_cidr_block": "",
            "ipv6_cidr_block_association_id": "",
            "ipv6_ipam_pool_id": null,
            "ipv6_native": false,
            "ipv6_netmask_length": null,
            "map_customer_owned_ip_on_launch": false,
            "map_public_ip_on_launch": false,
            "outpost_arn": "",
            "owner_id": "247625421810",
            "private_dns_hostname_type_on_launch": "ip-name",
            "region": "eu-west-3",
            "tags": {
              "Admin": "Thomas Tuminaro",
              "ManagedBy": "Terraform",
              "Name": "tf-aws-lambda-project-db-1",
              "Project": "tf-aws-lambda-project"
            },
            "tags_all": {
              "Admin": "Thomas Tuminaro",
              "ManagedBy": "Terraform",
              "Name": "tf-aws-lambda-project-db-1",
              "Project": "tf-aws-lambda-project"
            },
            "timeouts": null,
            "vpc_id": "vpc-0bbe7edd9bebe93ab"
          },
          "sensitive_attributes": [],
          "identity_schema_version": 0,
          "identity": {
            "account_id": "247625421810",
            "id": "subnet-093a2840d997f200b",
            "region": "eu-west-3"
          },
          "private": "eyJlMmJmYjczMC1lY2FhLTExZTYtOGY4OC0zNDM2M2JjN2M0YzAiOnsiY3JlYXRlIjo2MDAwMDAwMDAwMDAsImRlbGV0ZSI6MTIwMDAwMDAwMDAwMH0sInNjaGVtYV92ZXJzaW9uIjoiMSJ9",
          "dependencies": [
            "aws_vpc.vpc",
            "data.aws_availability_zones.available"
          ]
        },
        {
          "index_key": "db-2",
          "schema_version": 1,
          "attributes": {
            "arn": "arn:aws:ec2:eu-west-3:247625421810:subnet/subnet-0ebf14d7b87c45064",
            "assign_ipv6_address_on_creation": false,
            "availability_zone": "eu-west-3b",
            "availability_zone_id": "euw3-az2",
            "cidr_block": "10.0.11.0/24",
            "customer_owned_ipv4_pool": "",
            "enable_dns64": false,
            "enable_lni_at_device_index": 0,
            "enable_resource_name_dns_a_record_on_launch": false,
            "enable_resource_name_dns_aaaa_record_on_launch": false,
            "id": "subnet-0ebf14d7b87c45064",
            "ipv4_ipam_pool_id": null,
            "ipv4_netmask_length": null,
            "ipv6_cidr_block": "",
            "ipv6_cidr_block_association_id": "",
            "ipv6_ipam_pool_id": null,
            "ipv6_native": false,
            "ipv6_netmask_length": null,
            "map_customer_owned_ip_on_launch": false,
            "map_public_ip_on_launch": false,
            "outpost_arn": "",
            "owner_id": "247625421810",
            "private_dns_hostname_type_on_launch": "ip-name",
            "region": "eu-west-3",
            "tags": {
              "Admin": "Thomas Tuminaro",
              "ManagedBy": "Terraform",
              "Name": "tf-aws-lambda-project-db-2",
              "Project": "tf-aws-lambda-project"
            },
            "tags_all": {
              "Admin": "Thomas Tuminaro",
              "ManagedBy": "Terraform",
              "Name": "tf-aws-lambda-project-db-2",
              "Project": "tf-aws-lambda-project"
            },
            "timeouts": null,
            "vpc_id": "vpc-0bbe7edd9bebe93ab"
          },
          "sensitive_attributes": [],
          "identity_schema_version": 0,
          "identity": {
            "account_id": "247625421810",
            "id": "subnet-0ebf14d7b87c45064",
            "region": "eu-west-3"
          },
          "private": "eyJlMmJmYjczMC1lY2FhLTExZTYtOGY4OC0zNDM2M2JjN2M0YzAiOnsiY3JlYXRlIjo2MDAwMDAwMDAwMDAsImRlbGV0ZSI6MTIwMDAwMDAwMDAwMH0sInNjaGVtYV92ZXJzaW9uIjoiMSJ9",
          "dependencies": [
            "aws_vpc.vpc",
            "data.aws_availability_zones.available"
          ]
        }
      ]
    },
    {
      "mode": "managed",
      "type": "aws_subnet",
      "name": "lambda",
      "provider": "provider[\"registry.terraform.io/hashicorp/aws\"]",
      "instances": [
        {
          "index_key": "lambda-1",
          "schema_version": 1,
          "attributes": {
            "arn": "arn:aws:ec2:eu-west-3:247625421810:subnet/subnet-0081754a6fd90acf4",
            "assign_ipv6_address_on_creation": false,
            "availability_zone": "eu-west-3a",
            "availability_zone_id": "euw3-az1",
            "cidr_block": "10.0.20.0/24",
            "customer_owned_ipv4_pool": "",
            "enable_dns64": false,
            "enable_lni_at_device_index": 0,
            "enable_resource_name_dns_a_record_on_launch": false,
            "enable_resource_name_dns_aaaa_record_on_launch": false,
            "id": "subnet-0081754a6fd90acf4",
            "ipv4_ipam_pool_id": null,
            "ipv4_netmask_length": null,
            "ipv6_cidr_block": "",
            "ipv6_cidr_block_association_id": "",
            "ipv6_ipam_pool_id": null,
            "ipv6_native": false,
            "ipv6_netmask_length": null,
            "map_customer_owned_ip_on_launch": false,
            "map_public_ip_on_launch": false,
            "outpost_arn": "",
            "owner_id": "247625421810",
            "private_dns_hostname_type_on_launch": "ip-name",
            "region": "eu-west-3",
            "tags": {
              "Admin": "Thomas Tuminaro",
              "ManagedBy": "Terraform",
              "Name": "tf-aws-lambda-project-lambda-1",
              "Project": "tf-aws-lambda-project"
            },
            "tags_all": {
              "Admin": "Thomas Tuminaro",
              "ManagedBy": "Terraform",
              "Name": "tf-aws-lambda-project-lambda-1",
              "Project": "tf-aws-lambda-project"
            },
            "timeouts": null,
            "vpc_id": "vpc-0bbe7edd9bebe93ab"
          },
          "sensitive_attributes": [],
          "identity_schema_version": 0,
          "identity": {
            "account_id": "247625421810",
            "id": "subnet-0081754a6fd90acf4",
            "region": "eu-west-3"
          },
          "private": "eyJlMmJmYjczMC1lY2FhLTExZTYtOGY4OC0zNDM2M2JjN2M0YzAiOnsiY3JlYXRlIjo2MDAwMDAwMDAwMDAsImRlbGV0ZSI6MTIwMDAwMDAwMDAwMH0sInNjaGVtYV92ZXJzaW9uIjoiMSJ9",
          "dependencies": [
            "aws_vpc.vpc",
            "data.aws_availability_zones.available"
          ]
        },
        {
          "index_key": "lambda-2",
          "schema_version": 1,
          "attributes": {
            "arn": "arn:aws:ec2:eu-west-3:247625421810:subnet/subnet-05699524b1c0e5975",
            "assign_ipv6_address_on_creation": false,
            "availability_zone": "eu-west-3b",
            "availability_zone_id": "euw3-az2",
            "cidr_block": "10.0.21.0/24",
            "customer_owned_ipv4_pool": "",
            "enable_dns64": false,
            "enable_lni_at_device_index": 0,
            "enable_resource_name_dns_a_record_on_launch": false,
            "enable_resource_name_dns_aaaa_record_on_launch": false,
            "id": "subnet-05699524b1c0e5975",
            "ipv4_ipam_pool_id": null,
            "ipv4_netmask_length": null,
            "ipv6_cidr_block": "",
            "ipv6_cidr_block_association_id": "",
            "ipv6_ipam_pool_id": null,
            "ipv6_native": false,
            "ipv6_netmask_length": null,
            "map_customer_owned_ip_on_launch": false,
            "map_public_ip_on_launch": false,
            "outpost_arn": "",
            "owner_id": "247625421810",
            "private_dns_hostname_type_on_launch": "ip-name",
            "region": "eu-west-3",
            "tags": {
              "Admin": "Thomas Tuminaro",
              "ManagedBy": "Terraform",
              "Name": "tf-aws-lambda-project-lambda-2",
              "Project": "tf-aws-lambda-project"
            },
            "tags_all": {
              "Admin": "Thomas Tuminaro",
              "ManagedBy": "Terraform",
              "Name": "tf-aws-lambda-project-lambda-2",
              "Project": "tf-aws-lambda-project"
            },
            "timeouts": null,
            "vpc_id": "vpc-0bbe7edd9bebe93ab"
          },
          "sensitive_attributes": [],
          "identity_schema_version": 0,
          "identity": {
            "account_id": "247625421810",
            "id": "subnet-05699524b1c0e5975",
            "region": "eu-west-3"
          },
          "private": "eyJlMmJmYjczMC1lY2FhLTExZTYtOGY4OC0zNDM2M2JjN2M0YzAiOnsiY3JlYXRlIjo2MDAwMDAwMDAwMDAsImRlbGV0ZSI6MTIwMDAwMDAwMDAwMH0sInNjaGVtYV92ZXJzaW9uIjoiMSJ9",
          "dependencies": [
            "aws_vpc.vpc",
            "data.aws_availability_zones.available"
          ]
        }
      ]
    },
    {
      "mode": "managed",
      "type": "aws_vpc",
      "name": "vpc",
      "provider": "provider[\"registry.terraform.io/hashicorp/aws\"]",
      "instances": [
        {
          "schema_version": 1,
          "attributes": {
            "arn": "arn:aws:ec2:eu-west-3:247625421810:vpc/vpc-0bbe7edd9bebe93ab",
            "assign_generated_ipv6_cidr_block": false,
            "cidr_block": "10.0.0.0/16",
            "default_network_acl_id": "acl-0b368b481063b3f7f",
            "default_route_table_id": "rtb-0f249da12495ffa26",
            "default_security_group_id": "sg-0a9786d274a7f581a",
            "dhcp_options_id": "dopt-0629cebb18b90371d",
            "enable_dns_hostnames": true,
            "enable_dns_support": true,
            "enable_network_address_usage_metrics": false,
            "id": "vpc-0bbe7edd9bebe93ab",
            "instance_tenancy": "default",
            "ipv4_ipam_pool_id": null,
            "ipv4_netmask_length": null,
            "ipv6_association_id": "",
            "ipv6_cidr_block": "",
            "ipv6_cidr_block_network_border_group": "",
            "ipv6_ipam_pool_id": "",
            "ipv6_netmask_length": 0,
            "main_route_table_id": "rtb-0f249da12495ffa26",
            "owner_id": "247625421810",
            "region": "eu-west-3",
            "tags": {
              "Admin": "Thomas Tuminaro",
              "ManagedBy": "Terraform",
              "Name": "tf-aws-lambda-project-vpc",
              "Project": "tf-aws-lambda-project"
            },
            "tags_all": {
              "Admin": "Thomas Tuminaro",
              "ManagedBy": "Terraform",
              "Name": "tf-aws-lambda-project-vpc",
              "Project": "tf-aws-lambda-project"
            }
          },
          "sensitive_attributes": [],
          "identity_schema_version": 0,
          "identity": {
            "account_id": "247625421810",
            "id": "vpc-0bbe7edd9bebe93ab",
            "region": "eu-west-3"
          },
          "private": "eyJzY2hlbWFfdmVyc2lvbiI6IjEifQ=="
        }
      ]
    }
  ],
  "check_results": [
    {
      "object_kind": "var",
      "config_addr": "var.vpc_lambda_subnets",
      "status": "unknown",
      "objects": null
    },
    {
      "object_kind": "var",
      "config_addr": "var.db_config",
      "status": "unknown",
      "objects": null
    },
    {
      "object_kind": "var",
      "config_addr": "var.lambda_logging",
      "status": "unknown",
      "objects": null
    },
    {
      "object_kind": "var",
      "config_addr": "var.vpc_cidr",
      "status": "unknown",
      "objects": null
    },
    {
      "object_kind": "var",
      "config_addr": "var.vpc_db_subnets",
      "status": "unknown",
      "objects": null
    }
  ]
}
